// !$*UTF8*$!
{
	archiveVersion = 1;
	classes = {
	};
	objectVersion = 46;
	objects = {

/* Begin PBXBuildFile section */
		5EC711EF1B8CD2B200C84AE7 /* AppDelegate.swift in Sources */ = {isa = PBXBuildFile; fileRef = 5EC711E61B8CD2B200C84AE7 /* AppDelegate.swift */; settings = {ASSET_TAGS = (); }; };
		5EC711F01B8CD2B200C84AE7 /* ArticleCell.swift in Sources */ = {isa = PBXBuildFile; fileRef = 5EC711E71B8CD2B200C84AE7 /* ArticleCell.swift */; settings = {ASSET_TAGS = (); }; };
		5EC711F11B8CD2B200C84AE7 /* ArticlesViewController.swift in Sources */ = {isa = PBXBuildFile; fileRef = 5EC711E81B8CD2B200C84AE7 /* ArticlesViewController.swift */; settings = {ASSET_TAGS = (); }; };
		5EC711F21B8CD2B200C84AE7 /* ArticlesViewLayout.swift in Sources */ = {isa = PBXBuildFile; fileRef = 5EC711E91B8CD2B200C84AE7 /* ArticlesViewLayout.swift */; settings = {ASSET_TAGS = (); }; };
		5EC711F31B8CD2B200C84AE7 /* ArticlesViewModel.swift in Sources */ = {isa = PBXBuildFile; fileRef = 5EC711EA1B8CD2B200C84AE7 /* ArticlesViewModel.swift */; settings = {ASSET_TAGS = (); }; };
		5EC711F41B8CD2B200C84AE7 /* ScreenFlow.swift in Sources */ = {isa = PBXBuildFile; fileRef = 5EC711EB1B8CD2B200C84AE7 /* ScreenFlow.swift */; settings = {ASSET_TAGS = (); }; };
		5EC711F51B8CD2B200C84AE7 /* SimpleArticle.swift in Sources */ = {isa = PBXBuildFile; fileRef = 5EC711EC1B8CD2B200C84AE7 /* SimpleArticle.swift */; settings = {ASSET_TAGS = (); }; };
		5EC711F61B8CD2B200C84AE7 /* SimpleArticlesParser.m in Sources */ = {isa = PBXBuildFile; fileRef = 5EC711EE1B8CD2B200C84AE7 /* SimpleArticlesParser.m */; settings = {ASSET_TAGS = (); }; };
		5EC712111B8CD3B000C84AE7 /* TFHpple.m in Sources */ = {isa = PBXBuildFile; fileRef = 5EC7120C1B8CD3B000C84AE7 /* TFHpple.m */; settings = {ASSET_TAGS = (); }; };
		5EC712121B8CD3B000C84AE7 /* TFHppleElement.m in Sources */ = {isa = PBXBuildFile; fileRef = 5EC7120E1B8CD3B000C84AE7 /* TFHppleElement.m */; settings = {ASSET_TAGS = (); }; };
		5EC712131B8CD3B000C84AE7 /* XPathQuery.m in Sources */ = {isa = PBXBuildFile; fileRef = 5EC712101B8CD3B000C84AE7 /* XPathQuery.m */; settings = {ASSET_TAGS = (); }; };
		5EC712161B8CD42000C84AE7 /* ArticleCell.xib in Resources */ = {isa = PBXBuildFile; fileRef = 5EC712141B8CD42000C84AE7 /* ArticleCell.xib */; settings = {ASSET_TAGS = (); }; };
		AC5FA43B1B9BA28C0013E1C5 /* SearchedArticleCell.xib in Resources */ = {isa = PBXBuildFile; fileRef = AC5FA4391B9BA28C0013E1C5 /* SearchedArticleCell.xib */; settings = {ASSET_TAGS = (); }; };
		AC5FA43D1B9C58F10013E1C5 /* ArticlesViewModelTests.swift in Sources */ = {isa = PBXBuildFile; fileRef = AC5FA43C1B9C58F10013E1C5 /* ArticlesViewModelTests.swift */; settings = {ASSET_TAGS = (); }; };
		AC5FA43E1B9C58F80013E1C5 /* ArticlesViewModel.swift in Sources */ = {isa = PBXBuildFile; fileRef = 5EC711EA1B8CD2B200C84AE7 /* ArticlesViewModel.swift */; settings = {ASSET_TAGS = (); }; };
		AC5FA4421B9C5A640013E1C5 /* BaseViewController.swift in Sources */ = {isa = PBXBuildFile; fileRef = AC5FA4411B9C5A640013E1C5 /* BaseViewController.swift */; settings = {ASSET_TAGS = (); }; };
		AC6B3ED71B8E3E08005BA7F1 /* SearchViewController.swift in Sources */ = {isa = PBXBuildFile; fileRef = AC6B3ED61B8E3E08005BA7F1 /* SearchViewController.swift */; };
		AC6B3ED91B8E3E42005BA7F1 /* SearchViewModel.swift in Sources */ = {isa = PBXBuildFile; fileRef = AC6B3ED81B8E3E42005BA7F1 /* SearchViewModel.swift */; };
		AC926B731B9A23280078F333 /* libxml2.tbd in Frameworks */ = {isa = PBXBuildFile; fileRef = AC926B721B9A23280078F333 /* libxml2.tbd */; };
		AC926B741B9A23420078F333 /* SimpleArticle.swift in Sources */ = {isa = PBXBuildFile; fileRef = 5EC711EC1B8CD2B200C84AE7 /* SimpleArticle.swift */; settings = {ASSET_TAGS = (); }; };
		AC926B761B9B48260078F333 /* SearchedArticleCell.swift in Sources */ = {isa = PBXBuildFile; fileRef = AC926B751B9B48260078F333 /* SearchedArticleCell.swift */; settings = {ASSET_TAGS = (); }; };
		ACAF975E1B5C04A200CB53B1 /* Main.storyboard in Resources */ = {isa = PBXBuildFile; fileRef = ACAF975C1B5C04A200CB53B1 /* Main.storyboard */; };
		ACAF97601B5C04A200CB53B1 /* Images.xcassets in Resources */ = {isa = PBXBuildFile; fileRef = ACAF975F1B5C04A200CB53B1 /* Images.xcassets */; };
		ACAF97631B5C04A200CB53B1 /* LaunchScreen.xib in Resources */ = {isa = PBXBuildFile; fileRef = ACAF97611B5C04A200CB53B1 /* LaunchScreen.xib */; };
		ACAF976F1B5C04A300CB53B1 /* PetrMazepaTests.swift in Sources */ = {isa = PBXBuildFile; fileRef = ACAF976E1B5C04A300CB53B1 /* PetrMazepaTests.swift */; };
		ACAF97821B5C321500CB53B1 /* SimpleArticlesParserTests.swift in Sources */ = {isa = PBXBuildFile; fileRef = ACAF97811B5C321500CB53B1 /* SimpleArticlesParserTests.swift */; };
		ACBA475A1B8D14910088616D /* SimpleArticlesParser.m in Sources */ = {isa = PBXBuildFile; fileRef = 5EC711EE1B8CD2B200C84AE7 /* SimpleArticlesParser.m */; };
		ACC6D6631B73EF310099131D /* random_page.html in Resources */ = {isa = PBXBuildFile; fileRef = ACC6D6621B73EF310099131D /* random_page.html */; };
		ACCDE7F11B63B02C002FDECA /* articles.html in Resources */ = {isa = PBXBuildFile; fileRef = ACCDE7F01B63B02C002FDECA /* articles.html */; };
/* End PBXBuildFile section */

/* Begin PBXContainerItemProxy section */
		ACAF97691B5C04A300CB53B1 /* PBXContainerItemProxy */ = {
			isa = PBXContainerItemProxy;
			containerPortal = ACAF974B1B5C04A200CB53B1 /* Project object */;
			proxyType = 1;
			remoteGlobalIDString = ACAF97521B5C04A200CB53B1;
			remoteInfo = PetrMazepa;
		};
/* End PBXContainerItemProxy section */

/* Begin PBXFileReference section */
		5EC711E61B8CD2B200C84AE7 /* AppDelegate.swift */ = {isa = PBXFileReference; fileEncoding = 4; lastKnownFileType = sourcecode.swift; name = AppDelegate.swift; path = Source/AppDelegate.swift; sourceTree = "<group>"; };
		5EC711E71B8CD2B200C84AE7 /* ArticleCell.swift */ = {isa = PBXFileReference; fileEncoding = 4; lastKnownFileType = sourcecode.swift; name = ArticleCell.swift; path = Source/ArticleCell.swift; sourceTree = "<group>"; };
		5EC711E81B8CD2B200C84AE7 /* ArticlesViewController.swift */ = {isa = PBXFileReference; fileEncoding = 4; lastKnownFileType = sourcecode.swift; name = ArticlesViewController.swift; path = Source/ArticlesViewController.swift; sourceTree = "<group>"; };
		5EC711E91B8CD2B200C84AE7 /* ArticlesViewLayout.swift */ = {isa = PBXFileReference; fileEncoding = 4; lastKnownFileType = sourcecode.swift; name = ArticlesViewLayout.swift; path = Source/ArticlesViewLayout.swift; sourceTree = "<group>"; };
		5EC711EA1B8CD2B200C84AE7 /* ArticlesViewModel.swift */ = {isa = PBXFileReference; fileEncoding = 4; lastKnownFileType = sourcecode.swift; name = ArticlesViewModel.swift; path = Source/ArticlesViewModel.swift; sourceTree = "<group>"; };
		5EC711EB1B8CD2B200C84AE7 /* ScreenFlow.swift */ = {isa = PBXFileReference; fileEncoding = 4; lastKnownFileType = sourcecode.swift; name = ScreenFlow.swift; path = Source/ScreenFlow.swift; sourceTree = "<group>"; };
		5EC711EC1B8CD2B200C84AE7 /* SimpleArticle.swift */ = {isa = PBXFileReference; fileEncoding = 4; lastKnownFileType = sourcecode.swift; name = SimpleArticle.swift; path = Source/SimpleArticle.swift; sourceTree = "<group>"; };
		5EC711ED1B8CD2B200C84AE7 /* SimpleArticlesParser.h */ = {isa = PBXFileReference; fileEncoding = 4; lastKnownFileType = sourcecode.c.h; name = SimpleArticlesParser.h; path = Source/SimpleArticlesParser.h; sourceTree = "<group>"; };
		5EC711EE1B8CD2B200C84AE7 /* SimpleArticlesParser.m */ = {isa = PBXFileReference; fileEncoding = 4; lastKnownFileType = sourcecode.c.objc; name = SimpleArticlesParser.m; path = Source/SimpleArticlesParser.m; sourceTree = "<group>"; };
		5EC7120B1B8CD3B000C84AE7 /* TFHpple.h */ = {isa = PBXFileReference; fileEncoding = 4; lastKnownFileType = sourcecode.c.h; path = TFHpple.h; sourceTree = "<group>"; };
		5EC7120C1B8CD3B000C84AE7 /* TFHpple.m */ = {isa = PBXFileReference; fileEncoding = 4; lastKnownFileType = sourcecode.c.objc; path = TFHpple.m; sourceTree = "<group>"; };
		5EC7120D1B8CD3B000C84AE7 /* TFHppleElement.h */ = {isa = PBXFileReference; fileEncoding = 4; lastKnownFileType = sourcecode.c.h; path = TFHppleElement.h; sourceTree = "<group>"; };
		5EC7120E1B8CD3B000C84AE7 /* TFHppleElement.m */ = {isa = PBXFileReference; fileEncoding = 4; lastKnownFileType = sourcecode.c.objc; path = TFHppleElement.m; sourceTree = "<group>"; };
		5EC7120F1B8CD3B000C84AE7 /* XPathQuery.h */ = {isa = PBXFileReference; fileEncoding = 4; lastKnownFileType = sourcecode.c.h; path = XPathQuery.h; sourceTree = "<group>"; };
		5EC712101B8CD3B000C84AE7 /* XPathQuery.m */ = {isa = PBXFileReference; fileEncoding = 4; lastKnownFileType = sourcecode.c.objc; path = XPathQuery.m; sourceTree = "<group>"; };
		5EC712151B8CD42000C84AE7 /* Base */ = {isa = PBXFileReference; lastKnownFileType = file.xib; name = Base; path = Base.lproj/ArticleCell.xib; sourceTree = "<group>"; };
		AC5FA43A1B9BA28C0013E1C5 /* Base */ = {isa = PBXFileReference; lastKnownFileType = file.xib; name = Base; path = Base.lproj/SearchedArticleCell.xib; sourceTree = "<group>"; };
		AC5FA43C1B9C58F10013E1C5 /* ArticlesViewModelTests.swift */ = {isa = PBXFileReference; fileEncoding = 4; lastKnownFileType = sourcecode.swift; path = ArticlesViewModelTests.swift; sourceTree = "<group>"; };
		AC5FA4411B9C5A640013E1C5 /* BaseViewController.swift */ = {isa = PBXFileReference; fileEncoding = 4; lastKnownFileType = sourcecode.swift; name = BaseViewController.swift; path = Source/BaseViewController.swift; sourceTree = "<group>"; };
		AC6B3ED61B8E3E08005BA7F1 /* SearchViewController.swift */ = {isa = PBXFileReference; fileEncoding = 4; lastKnownFileType = sourcecode.swift; name = SearchViewController.swift; path = Source/SearchViewController.swift; sourceTree = "<group>"; };
		AC6B3ED81B8E3E42005BA7F1 /* SearchViewModel.swift */ = {isa = PBXFileReference; fileEncoding = 4; lastKnownFileType = sourcecode.swift; name = SearchViewModel.swift; path = Source/SearchViewModel.swift; sourceTree = "<group>"; };
		AC6E0F4B1B63F9D700C8299E /* PetrMazepa-Bridging-Header.h */ = {isa = PBXFileReference; lastKnownFileType = sourcecode.c.h; path = "PetrMazepa-Bridging-Header.h"; sourceTree = "<group>"; };
		AC926B721B9A23280078F333 /* libxml2.tbd */ = {isa = PBXFileReference; lastKnownFileType = "sourcecode.text-based-dylib-definition"; name = libxml2.tbd; path = usr/lib/libxml2.tbd; sourceTree = SDKROOT; };
		AC926B751B9B48260078F333 /* SearchedArticleCell.swift */ = {isa = PBXFileReference; fileEncoding = 4; lastKnownFileType = sourcecode.swift; name = SearchedArticleCell.swift; path = Source/SearchedArticleCell.swift; sourceTree = "<group>"; };
		ACAF97531B5C04A200CB53B1 /* PetrMazepa.app */ = {isa = PBXFileReference; explicitFileType = wrapper.application; includeInIndex = 0; path = PetrMazepa.app; sourceTree = BUILT_PRODUCTS_DIR; };
		ACAF97571B5C04A200CB53B1 /* Info.plist */ = {isa = PBXFileReference; lastKnownFileType = text.plist.xml; path = Info.plist; sourceTree = "<group>"; };
		ACAF975D1B5C04A200CB53B1 /* Base */ = {isa = PBXFileReference; lastKnownFileType = file.storyboard; name = Base; path = Base.lproj/Main.storyboard; sourceTree = "<group>"; };
		ACAF975F1B5C04A200CB53B1 /* Images.xcassets */ = {isa = PBXFileReference; lastKnownFileType = folder.assetcatalog; path = Images.xcassets; sourceTree = "<group>"; };
		ACAF97621B5C04A200CB53B1 /* Base */ = {isa = PBXFileReference; lastKnownFileType = file.xib; name = Base; path = Base.lproj/LaunchScreen.xib; sourceTree = "<group>"; };
		ACAF97681B5C04A300CB53B1 /* PetrMazepaTests.xctest */ = {isa = PBXFileReference; explicitFileType = wrapper.cfbundle; includeInIndex = 0; path = PetrMazepaTests.xctest; sourceTree = BUILT_PRODUCTS_DIR; };
		ACAF976D1B5C04A300CB53B1 /* Info.plist */ = {isa = PBXFileReference; lastKnownFileType = text.plist.xml; path = Info.plist; sourceTree = "<group>"; };
		ACAF976E1B5C04A300CB53B1 /* PetrMazepaTests.swift */ = {isa = PBXFileReference; lastKnownFileType = sourcecode.swift; path = PetrMazepaTests.swift; sourceTree = "<group>"; };
		ACAF97811B5C321500CB53B1 /* SimpleArticlesParserTests.swift */ = {isa = PBXFileReference; fileEncoding = 4; lastKnownFileType = sourcecode.swift; path = SimpleArticlesParserTests.swift; sourceTree = "<group>"; };
		ACC6D6621B73EF310099131D /* random_page.html */ = {isa = PBXFileReference; fileEncoding = 4; lastKnownFileType = text.html; path = random_page.html; sourceTree = "<group>"; };
		ACCDE7F01B63B02C002FDECA /* articles.html */ = {isa = PBXFileReference; fileEncoding = 4; lastKnownFileType = text.html; path = articles.html; sourceTree = "<group>"; };
/* End PBXFileReference section */

/* Begin PBXFrameworksBuildPhase section */
		ACAF97501B5C04A200CB53B1 /* Frameworks */ = {
			isa = PBXFrameworksBuildPhase;
			buildActionMask = 2147483647;
			files = (
				AC926B731B9A23280078F333 /* libxml2.tbd in Frameworks */,
			);
			runOnlyForDeploymentPostprocessing = 0;
		};
		ACAF97651B5C04A300CB53B1 /* Frameworks */ = {
			isa = PBXFrameworksBuildPhase;
			buildActionMask = 2147483647;
			files = (
			);
			runOnlyForDeploymentPostprocessing = 0;
		};
/* End PBXFrameworksBuildPhase section */

/* Begin PBXGroup section */
		5EC712091B8CD39E00C84AE7 /* 3rdParty */ = {
			isa = PBXGroup;
			children = (
				AC926B721B9A23280078F333 /* libxml2.tbd */,
				5EC7120A1B8CD3B000C84AE7 /* hpple */,
			);
			name = 3rdParty;
			sourceTree = "<group>";
		};
		5EC7120A1B8CD3B000C84AE7 /* hpple */ = {
			isa = PBXGroup;
			children = (
				5EC7120B1B8CD3B000C84AE7 /* TFHpple.h */,
				5EC7120C1B8CD3B000C84AE7 /* TFHpple.m */,
				5EC7120D1B8CD3B000C84AE7 /* TFHppleElement.h */,
				5EC7120E1B8CD3B000C84AE7 /* TFHppleElement.m */,
				5EC7120F1B8CD3B000C84AE7 /* XPathQuery.h */,
				5EC712101B8CD3B000C84AE7 /* XPathQuery.m */,
			);
			name = hpple;
			path = 3rdParty/hpple;
			sourceTree = "<group>";
		};
		AC3D78341B80E733006BE446 /* View */ = {
			isa = PBXGroup;
			children = (
				ACAF975C1B5C04A200CB53B1 /* Main.storyboard */,
				ACAF97611B5C04A200CB53B1 /* LaunchScreen.xib */,
				AC5FA4411B9C5A640013E1C5 /* BaseViewController.swift */,
				AC3D78401B80E770006BE446 /* Articles */,
				AC6B3ED51B8E3DE8005BA7F1 /* Search */,
			);
			name = View;
			sourceTree = "<group>";
		};
		AC3D78351B80E73A006BE446 /* ViewModel */ = {
			isa = PBXGroup;
			children = (
				5EC711EA1B8CD2B200C84AE7 /* ArticlesViewModel.swift */,
				AC6B3ED81B8E3E42005BA7F1 /* SearchViewModel.swift */,
			);
			name = ViewModel;
			sourceTree = "<group>";
		};
		AC3D78401B80E770006BE446 /* Articles */ = {
			isa = PBXGroup;
			children = (
				5EC712141B8CD42000C84AE7 /* ArticleCell.xib */,
				5EC711E71B8CD2B200C84AE7 /* ArticleCell.swift */,
				5EC711E81B8CD2B200C84AE7 /* ArticlesViewController.swift */,
				5EC711E91B8CD2B200C84AE7 /* ArticlesViewLayout.swift */,
			);
			name = Articles;
			sourceTree = "<group>";
		};
		AC6B3ED51B8E3DE8005BA7F1 /* Search */ = {
			isa = PBXGroup;
			children = (
				AC5FA4391B9BA28C0013E1C5 /* SearchedArticleCell.xib */,
				AC926B751B9B48260078F333 /* SearchedArticleCell.swift */,
				AC6B3ED61B8E3E08005BA7F1 /* SearchViewController.swift */,
			);
			name = Search;
			sourceTree = "<group>";
		};
		ACAF974A1B5C04A200CB53B1 = {
			isa = PBXGroup;
			children = (
				ACAF97551B5C04A200CB53B1 /* PetrMazepa */,
				ACAF976B1B5C04A300CB53B1 /* PetrMazepaTests */,
				ACAF97541B5C04A200CB53B1 /* Products */,
			);
			sourceTree = "<group>";
		};
		ACAF97541B5C04A200CB53B1 /* Products */ = {
			isa = PBXGroup;
			children = (
				ACAF97531B5C04A200CB53B1 /* PetrMazepa.app */,
				ACAF97681B5C04A300CB53B1 /* PetrMazepaTests.xctest */,
			);
			name = Products;
			sourceTree = "<group>";
		};
		ACAF97551B5C04A200CB53B1 /* PetrMazepa */ = {
			isa = PBXGroup;
			children = (
				5EC712091B8CD39E00C84AE7 /* 3rdParty */,
				5EC711E61B8CD2B200C84AE7 /* AppDelegate.swift */,
				5EC711EB1B8CD2B200C84AE7 /* ScreenFlow.swift */,
				AC3D78351B80E73A006BE446 /* ViewModel */,
				AC3D78341B80E733006BE446 /* View */,
				ACAF97781B5C0A1B00CB53B1 /* Model */,
				ACAF975F1B5C04A200CB53B1 /* Images.xcassets */,
				ACAF97561B5C04A200CB53B1 /* Supporting Files */,
			);
			path = PetrMazepa;
			sourceTree = "<group>";
		};
		ACAF97561B5C04A200CB53B1 /* Supporting Files */ = {
			isa = PBXGroup;
			children = (
				ACAF97571B5C04A200CB53B1 /* Info.plist */,
				AC6E0F4B1B63F9D700C8299E /* PetrMazepa-Bridging-Header.h */,
			);
			name = "Supporting Files";
			sourceTree = "<group>";
		};
		ACAF976B1B5C04A300CB53B1 /* PetrMazepaTests */ = {
			isa = PBXGroup;
			children = (
				ACC6D6641B73EF510099131D /* HTML */,
				ACAF976E1B5C04A300CB53B1 /* PetrMazepaTests.swift */,
				ACAF97811B5C321500CB53B1 /* SimpleArticlesParserTests.swift */,
				AC5FA43C1B9C58F10013E1C5 /* ArticlesViewModelTests.swift */,
				ACAF976C1B5C04A300CB53B1 /* Supporting Files */,
			);
			path = PetrMazepaTests;
			sourceTree = "<group>";
		};
		ACAF976C1B5C04A300CB53B1 /* Supporting Files */ = {
			isa = PBXGroup;
			children = (
				ACAF976D1B5C04A300CB53B1 /* Info.plist */,
			);
			name = "Supporting Files";
			sourceTree = "<group>";
		};
		ACAF97781B5C0A1B00CB53B1 /* Model */ = {
			isa = PBXGroup;
			children = (
				ACAF977E1B5C319A00CB53B1 /* Parser */,
				ACAF977D1B5C313300CB53B1 /* DO */,
			);
			name = Model;
			sourceTree = "<group>";
		};
		ACAF977D1B5C313300CB53B1 /* DO */ = {
			isa = PBXGroup;
			children = (
				5EC711EC1B8CD2B200C84AE7 /* SimpleArticle.swift */,
			);
			name = DO;
			sourceTree = "<group>";
		};
		ACAF977E1B5C319A00CB53B1 /* Parser */ = {
			isa = PBXGroup;
			children = (
				5EC711ED1B8CD2B200C84AE7 /* SimpleArticlesParser.h */,
				5EC711EE1B8CD2B200C84AE7 /* SimpleArticlesParser.m */,
			);
			name = Parser;
			sourceTree = "<group>";
		};
		ACC6D6641B73EF510099131D /* HTML */ = {
			isa = PBXGroup;
			children = (
				ACC6D6621B73EF310099131D /* random_page.html */,
				ACCDE7F01B63B02C002FDECA /* articles.html */,
			);
			name = HTML;
			sourceTree = "<group>";
		};
/* End PBXGroup section */

/* Begin PBXNativeTarget section */
		ACAF97521B5C04A200CB53B1 /* PetrMazepa */ = {
			isa = PBXNativeTarget;
			buildConfigurationList = ACAF97721B5C04A300CB53B1 /* Build configuration list for PBXNativeTarget "PetrMazepa" */;
			buildPhases = (
				ACAF974F1B5C04A200CB53B1 /* Sources */,
				ACAF97501B5C04A200CB53B1 /* Frameworks */,
				ACAF97511B5C04A200CB53B1 /* Resources */,
			);
			buildRules = (
			);
			dependencies = (
			);
			name = PetrMazepa;
			productName = PetrMazepa;
			productReference = ACAF97531B5C04A200CB53B1 /* PetrMazepa.app */;
			productType = "com.apple.product-type.application";
		};
		ACAF97671B5C04A300CB53B1 /* PetrMazepaTests */ = {
			isa = PBXNativeTarget;
			buildConfigurationList = ACAF97751B5C04A300CB53B1 /* Build configuration list for PBXNativeTarget "PetrMazepaTests" */;
			buildPhases = (
				ACAF97641B5C04A300CB53B1 /* Sources */,
				ACAF97651B5C04A300CB53B1 /* Frameworks */,
				ACAF97661B5C04A300CB53B1 /* Resources */,
			);
			buildRules = (
			);
			dependencies = (
				ACAF976A1B5C04A300CB53B1 /* PBXTargetDependency */,
			);
			name = PetrMazepaTests;
			productName = PetrMazepaTests;
			productReference = ACAF97681B5C04A300CB53B1 /* PetrMazepaTests.xctest */;
			productType = "com.apple.product-type.bundle.unit-test";
		};
/* End PBXNativeTarget section */

/* Begin PBXProject section */
		ACAF974B1B5C04A200CB53B1 /* Project object */ = {
			isa = PBXProject;
			attributes = {
				LastSwiftUpdateCheck = 0700;
				LastUpgradeCheck = 0700;
				ORGANIZATIONNAME = TramCoders;
				TargetAttributes = {
					ACAF97521B5C04A200CB53B1 = {
						CreatedOnToolsVersion = 6.1.1;
					};
					ACAF97671B5C04A300CB53B1 = {
						CreatedOnToolsVersion = 6.1.1;
						TestTargetID = ACAF97521B5C04A200CB53B1;
					};
				};
			};
			buildConfigurationList = ACAF974E1B5C04A200CB53B1 /* Build configuration list for PBXProject "PetrMazepa" */;
			compatibilityVersion = "Xcode 3.2";
			developmentRegion = English;
			hasScannedForEncodings = 0;
			knownRegions = (
				en,
				Base,
			);
			mainGroup = ACAF974A1B5C04A200CB53B1;
			productRefGroup = ACAF97541B5C04A200CB53B1 /* Products */;
			projectDirPath = "";
			projectRoot = "";
			targets = (
				ACAF97521B5C04A200CB53B1 /* PetrMazepa */,
				ACAF97671B5C04A300CB53B1 /* PetrMazepaTests */,
			);
		};
/* End PBXProject section */

/* Begin PBXResourcesBuildPhase section */
		ACAF97511B5C04A200CB53B1 /* Resources */ = {
			isa = PBXResourcesBuildPhase;
			buildActionMask = 2147483647;
			files = (
				AC5FA43B1B9BA28C0013E1C5 /* SearchedArticleCell.xib in Resources */,
				5EC712161B8CD42000C84AE7 /* ArticleCell.xib in Resources */,
				ACAF975E1B5C04A200CB53B1 /* Main.storyboard in Resources */,
				ACAF97631B5C04A200CB53B1 /* LaunchScreen.xib in Resources */,
				ACAF97601B5C04A200CB53B1 /* Images.xcassets in Resources */,
			);
			runOnlyForDeploymentPostprocessing = 0;
		};
		ACAF97661B5C04A300CB53B1 /* Resources */ = {
			isa = PBXResourcesBuildPhase;
			buildActionMask = 2147483647;
			files = (
				ACC6D6631B73EF310099131D /* random_page.html in Resources */,
				ACCDE7F11B63B02C002FDECA /* articles.html in Resources */,
			);
			runOnlyForDeploymentPostprocessing = 0;
		};
/* End PBXResourcesBuildPhase section */

/* Begin PBXSourcesBuildPhase section */
		ACAF974F1B5C04A200CB53B1 /* Sources */ = {
			isa = PBXSourcesBuildPhase;
			buildActionMask = 2147483647;
			files = (
				AC5FA4421B9C5A640013E1C5 /* BaseViewController.swift in Sources */,
				5EC711EF1B8CD2B200C84AE7 /* AppDelegate.swift in Sources */,
				5EC711F21B8CD2B200C84AE7 /* ArticlesViewLayout.swift in Sources */,
				5EC711F51B8CD2B200C84AE7 /* SimpleArticle.swift in Sources */,
				5EC711F41B8CD2B200C84AE7 /* ScreenFlow.swift in Sources */,
				5EC712131B8CD3B000C84AE7 /* XPathQuery.m in Sources */,
				AC6B3ED91B8E3E42005BA7F1 /* SearchViewModel.swift in Sources */,
				AC926B761B9B48260078F333 /* SearchedArticleCell.swift in Sources */,
				5EC712121B8CD3B000C84AE7 /* TFHppleElement.m in Sources */,
				AC6B3ED71B8E3E08005BA7F1 /* SearchViewController.swift in Sources */,
				5EC712111B8CD3B000C84AE7 /* TFHpple.m in Sources */,
				5EC711F11B8CD2B200C84AE7 /* ArticlesViewController.swift in Sources */,
				5EC711F61B8CD2B200C84AE7 /* SimpleArticlesParser.m in Sources */,
				5EC711F01B8CD2B200C84AE7 /* ArticleCell.swift in Sources */,
				5EC711F31B8CD2B200C84AE7 /* ArticlesViewModel.swift in Sources */,
			);
			runOnlyForDeploymentPostprocessing = 0;
		};
		ACAF97641B5C04A300CB53B1 /* Sources */ = {
			isa = PBXSourcesBuildPhase;
			buildActionMask = 2147483647;
			files = (
				AC926B741B9A23420078F333 /* SimpleArticle.swift in Sources */,
				ACAF976F1B5C04A300CB53B1 /* PetrMazepaTests.swift in Sources */,
				ACAF97821B5C321500CB53B1 /* SimpleArticlesParserTests.swift in Sources */,
				ACBA475A1B8D14910088616D /* SimpleArticlesParser.m in Sources */,
				AC5FA43D1B9C58F10013E1C5 /* ArticlesViewModelTests.swift in Sources */,
				AC5FA43E1B9C58F80013E1C5 /* ArticlesViewModel.swift in Sources */,
			);
			runOnlyForDeploymentPostprocessing = 0;
		};
/* End PBXSourcesBuildPhase section */

/* Begin PBXTargetDependency section */
		ACAF976A1B5C04A300CB53B1 /* PBXTargetDependency */ = {
			isa = PBXTargetDependency;
			target = ACAF97521B5C04A200CB53B1 /* PetrMazepa */;
			targetProxy = ACAF97691B5C04A300CB53B1 /* PBXContainerItemProxy */;
		};
/* End PBXTargetDependency section */

/* Begin PBXVariantGroup section */
		5EC712141B8CD42000C84AE7 /* ArticleCell.xib */ = {
			isa = PBXVariantGroup;
			children = (
				5EC712151B8CD42000C84AE7 /* Base */,
			);
			name = ArticleCell.xib;
			sourceTree = "<group>";
		};
		AC5FA4391B9BA28C0013E1C5 /* SearchedArticleCell.xib */ = {
			isa = PBXVariantGroup;
			children = (
				AC5FA43A1B9BA28C0013E1C5 /* Base */,
			);
			name = SearchedArticleCell.xib;
			sourceTree = "<group>";
		};
		ACAF975C1B5C04A200CB53B1 /* Main.storyboard */ = {
			isa = PBXVariantGroup;
			children = (
				ACAF975D1B5C04A200CB53B1 /* Base */,
			);
			name = Main.storyboard;
			sourceTree = "<group>";
		};
		ACAF97611B5C04A200CB53B1 /* LaunchScreen.xib */ = {
			isa = PBXVariantGroup;
			children = (
				ACAF97621B5C04A200CB53B1 /* Base */,
			);
			name = LaunchScreen.xib;
			sourceTree = "<group>";
		};
/* End PBXVariantGroup section */

/* Begin XCBuildConfiguration section */
		ACAF97701B5C04A300CB53B1 /* Debug */ = {
			isa = XCBuildConfiguration;
			buildSettings = {
				ALWAYS_SEARCH_USER_PATHS = NO;
				CLANG_CXX_LANGUAGE_STANDARD = "gnu++0x";
				CLANG_CXX_LIBRARY = "libc++";
				CLANG_ENABLE_MODULES = YES;
				CLANG_ENABLE_OBJC_ARC = YES;
				CLANG_WARN_BOOL_CONVERSION = YES;
				CLANG_WARN_CONSTANT_CONVERSION = YES;
				CLANG_WARN_DIRECT_OBJC_ISA_USAGE = YES_ERROR;
				CLANG_WARN_EMPTY_BODY = YES;
				CLANG_WARN_ENUM_CONVERSION = YES;
				CLANG_WARN_INT_CONVERSION = YES;
				CLANG_WARN_OBJC_ROOT_CLASS = YES_ERROR;
				CLANG_WARN_UNREACHABLE_CODE = YES;
				CLANG_WARN__DUPLICATE_METHOD_MATCH = YES;
				"CODE_SIGN_IDENTITY[sdk=iphoneos*]" = "iPhone Developer";
				COPY_PHASE_STRIP = NO;
				DEFINES_MODULE = YES;
				EMBEDDED_CONTENT_CONTAINS_SWIFT = YES;
				ENABLE_STRICT_OBJC_MSGSEND = YES;
				ENABLE_TESTABILITY = YES;
				GCC_C_LANGUAGE_STANDARD = gnu99;
				GCC_DYNAMIC_NO_PIC = NO;
				GCC_OPTIMIZATION_LEVEL = 0;
				GCC_PREPROCESSOR_DEFINITIONS = (
					"DEBUG=1",
					"$(inherited)",
				);
				GCC_SYMBOLS_PRIVATE_EXTERN = NO;
				GCC_WARN_64_TO_32_BIT_CONVERSION = YES;
				GCC_WARN_ABOUT_RETURN_TYPE = YES_ERROR;
				GCC_WARN_UNDECLARED_SELECTOR = YES;
				GCC_WARN_UNINITIALIZED_AUTOS = YES_AGGRESSIVE;
				GCC_WARN_UNUSED_FUNCTION = YES;
				GCC_WARN_UNUSED_VARIABLE = YES;
				HEADER_SEARCH_PATHS = (
					"$(inherited)",
					/Applications/Xcode.app/Contents/Developer/Toolchains/XcodeDefault.xctoolchain/usr/include,
					"$(SDKROOT)/usr/include/libxml2",
				);
				IPHONEOS_DEPLOYMENT_TARGET = 8.1;
				MTL_ENABLE_DEBUG_INFO = YES;
				ONLY_ACTIVE_ARCH = YES;
				PRODUCT_MODULE_NAME = PetrMazepa;
				SDKROOT = iphoneos;
				SWIFT_OBJC_BRIDGING_HEADER = "PetrMazepa/PetrMazepa-Bridging-Header.h";
				SWIFT_OPTIMIZATION_LEVEL = "-Onone";
			};
			name = Debug;
		};
		ACAF97711B5C04A300CB53B1 /* Release */ = {
			isa = XCBuildConfiguration;
			buildSettings = {
				ALWAYS_SEARCH_USER_PATHS = NO;
				CLANG_CXX_LANGUAGE_STANDARD = "gnu++0x";
				CLANG_CXX_LIBRARY = "libc++";
				CLANG_ENABLE_MODULES = YES;
				CLANG_ENABLE_OBJC_ARC = YES;
				CLANG_WARN_BOOL_CONVERSION = YES;
				CLANG_WARN_CONSTANT_CONVERSION = YES;
				CLANG_WARN_DIRECT_OBJC_ISA_USAGE = YES_ERROR;
				CLANG_WARN_EMPTY_BODY = YES;
				CLANG_WARN_ENUM_CONVERSION = YES;
				CLANG_WARN_INT_CONVERSION = YES;
				CLANG_WARN_OBJC_ROOT_CLASS = YES_ERROR;
				CLANG_WARN_UNREACHABLE_CODE = YES;
				CLANG_WARN__DUPLICATE_METHOD_MATCH = YES;
				"CODE_SIGN_IDENTITY[sdk=iphoneos*]" = "iPhone Developer";
				COPY_PHASE_STRIP = YES;
				DEFINES_MODULE = YES;
				EMBEDDED_CONTENT_CONTAINS_SWIFT = YES;
				ENABLE_NS_ASSERTIONS = NO;
				ENABLE_STRICT_OBJC_MSGSEND = YES;
				GCC_C_LANGUAGE_STANDARD = gnu99;
				GCC_WARN_64_TO_32_BIT_CONVERSION = YES;
				GCC_WARN_ABOUT_RETURN_TYPE = YES_ERROR;
				GCC_WARN_UNDECLARED_SELECTOR = YES;
				GCC_WARN_UNINITIALIZED_AUTOS = YES_AGGRESSIVE;
				GCC_WARN_UNUSED_FUNCTION = YES;
				GCC_WARN_UNUSED_VARIABLE = YES;
				HEADER_SEARCH_PATHS = (
					"$(inherited)",
					/Applications/Xcode.app/Contents/Developer/Toolchains/XcodeDefault.xctoolchain/usr/include,
					"$(SDKROOT)/usr/include/libxml2",
				);
				IPHONEOS_DEPLOYMENT_TARGET = 8.1;
				MTL_ENABLE_DEBUG_INFO = NO;
				PRODUCT_MODULE_NAME = PetrMazepa;
				SDKROOT = iphoneos;
				SWIFT_OBJC_BRIDGING_HEADER = "PetrMazepa/PetrMazepa-Bridging-Header.h";
				VALIDATE_PRODUCT = YES;
			};
			name = Release;
		};
		ACAF97731B5C04A300CB53B1 /* Debug */ = {
			isa = XCBuildConfiguration;
			buildSettings = {
				ASSETCATALOG_COMPILER_APPICON_NAME = AppIcon;
				DEFINES_MODULE = YES;
				EMBEDDED_CONTENT_CONTAINS_SWIFT = YES;
				HEADER_SEARCH_PATHS = (
					"$(inherited)",
					/Applications/Xcode.app/Contents/Developer/Toolchains/XcodeDefault.xctoolchain/usr/include,
					"$(SDKROOT)/usr/include/libxml2",
				);
				INFOPLIST_FILE = PetrMazepa/Info.plist;
				IPHONEOS_DEPLOYMENT_TARGET = 8.0;
				LD_RUNPATH_SEARCH_PATHS = "$(inherited) @executable_path/Frameworks";
				PRODUCT_BUNDLE_IDENTIFIER = "com.tramcoders.$(PRODUCT_NAME:rfc1034identifier)";
				PRODUCT_MODULE_NAME = PetrMazepa;
				PRODUCT_NAME = "$(TARGET_NAME)";
				SWIFT_OBJC_BRIDGING_HEADER = "PetrMazepa/PetrMazepa-Bridging-Header.h";
			};
			name = Debug;
		};
		ACAF97741B5C04A300CB53B1 /* Release */ = {
			isa = XCBuildConfiguration;
			buildSettings = {
				ASSETCATALOG_COMPILER_APPICON_NAME = AppIcon;
				DEFINES_MODULE = YES;
				EMBEDDED_CONTENT_CONTAINS_SWIFT = YES;
				HEADER_SEARCH_PATHS = (
					"$(inherited)",
					/Applications/Xcode.app/Contents/Developer/Toolchains/XcodeDefault.xctoolchain/usr/include,
					"$(SDKROOT)/usr/include/libxml2",
				);
				INFOPLIST_FILE = PetrMazepa/Info.plist;
				IPHONEOS_DEPLOYMENT_TARGET = 8.0;
				LD_RUNPATH_SEARCH_PATHS = "$(inherited) @executable_path/Frameworks";
				PRODUCT_BUNDLE_IDENTIFIER = "com.tramcoders.$(PRODUCT_NAME:rfc1034identifier)";
				PRODUCT_MODULE_NAME = PetrMazepa;
				PRODUCT_NAME = "$(TARGET_NAME)";
				SWIFT_OBJC_BRIDGING_HEADER = "PetrMazepa/PetrMazepa-Bridging-Header.h";
			};
			name = Release;
		};
		ACAF97761B5C04A300CB53B1 /* Debug */ = {
			isa = XCBuildConfiguration;
			buildSettings = {
				BUNDLE_LOADER = "$(TEST_HOST)";
				FRAMEWORK_SEARCH_PATHS = (
					"$(SDKROOT)/Developer/Library/Frameworks",
					"$(inherited)",
				);
				GCC_PREPROCESSOR_DEFINITIONS = (
					"DEBUG=1",
					"$(inherited)",
				);
				INFOPLIST_FILE = PetrMazepaTests/Info.plist;
				LD_RUNPATH_SEARCH_PATHS = "$(inherited) @executable_path/Frameworks @loader_path/Frameworks";
				PRODUCT_BUNDLE_IDENTIFIER = "com.tramcoders.$(PRODUCT_NAME:rfc1034identifier)";
				PRODUCT_NAME = "$(TARGET_NAME)";
				TEST_HOST = "$(BUILT_PRODUCTS_DIR)/PetrMazepa.app/PetrMazepa";
			};
			name = Debug;
		};
		ACAF97771B5C04A300CB53B1 /* Release */ = {
			isa = XCBuildConfiguration;
			buildSettings = {
				BUNDLE_LOADER = "$(TEST_HOST)";
				FRAMEWORK_SEARCH_PATHS = (
					"$(SDKROOT)/Developer/Library/Frameworks",
					"$(inherited)",
				);
				INFOPLIST_FILE = PetrMazepaTests/Info.plist;
				LD_RUNPATH_SEARCH_PATHS = "$(inherited) @executable_path/Frameworks @loader_path/Frameworks";
				PRODUCT_BUNDLE_IDENTIFIER = "com.tramcoders.$(PRODUCT_NAME:rfc1034identifier)";
				PRODUCT_NAME = "$(TARGET_NAME)";
				TEST_HOST = "$(BUILT_PRODUCTS_DIR)/PetrMazepa.app/PetrMazepa";
			};
			name = Release;
		};
/* End XCBuildConfiguration section */

/* Begin XCConfigurationList section */
		ACAF974E1B5C04A200CB53B1 /* Build configuration list for PBXProject "PetrMazepa" */ = {
			isa = XCConfigurationList;
			buildConfigurations = (
				ACAF97701B5C04A300CB53B1 /* Debug */,
				ACAF97711B5C04A300CB53B1 /* Release */,
			);
			defaultConfigurationIsVisible = 0;
			defaultConfigurationName = Release;
		};
		ACAF97721B5C04A300CB53B1 /* Build configuration list for PBXNativeTarget "PetrMazepa" */ = {
			isa = XCConfigurationList;
			buildConfigurations = (
				ACAF97731B5C04A300CB53B1 /* Debug */,
				ACAF97741B5C04A300CB53B1 /* Release */,
			);
			defaultConfigurationIsVisible = 0;
			defaultConfigurationName = Release;
		};
		ACAF97751B5C04A300CB53B1 /* Build configuration list for PBXNativeTarget "PetrMazepaTests" */ = {
			isa = XCConfigurationList;
			buildConfigurations = (
				ACAF97761B5C04A300CB53B1 /* Debug */,
				ACAF97771B5C04A300CB53B1 /* Release */,
			);
			defaultConfigurationIsVisible = 0;
			defaultConfigurationName = Release;
		};
/* End XCConfigurationList section */
	};
	rootObject = ACAF974B1B5C04A200CB53B1 /* Project object */;
}
