// !$*UTF8*$!
{
	archiveVersion = 1;
	classes = {
	};
	objectVersion = 46;
	objects = {

/* Begin PBXBuildFile section */
		1212A40B1BCAC3590022CD52 /* InMemoryImageStorage.swift in Sources */ = {isa = PBXBuildFile; fileRef = ACA41A521BB8489B00550857 /* InMemoryImageStorage.swift */; };
		1212A40C1BCAC3700022CD52 /* PersistentImageStorage.swift in Sources */ = {isa = PBXBuildFile; fileRef = ACA41A541BB849AF00550857 /* PersistentImageStorage.swift */; };
		5EC711EF1B8CD2B200C84AE7 /* AppDelegate.swift in Sources */ = {isa = PBXBuildFile; fileRef = 5EC711E61B8CD2B200C84AE7 /* AppDelegate.swift */; };
		5EC711F21B8CD2B200C84AE7 /* ArticlesViewLayout.swift in Sources */ = {isa = PBXBuildFile; fileRef = 5EC711E91B8CD2B200C84AE7 /* ArticlesViewLayout.swift */; };
		5EC711F41B8CD2B200C84AE7 /* ScreenFlow.swift in Sources */ = {isa = PBXBuildFile; fileRef = 5EC711EB1B8CD2B200C84AE7 /* ScreenFlow.swift */; };
		5EC712161B8CD42000C84AE7 /* ArticleCell.xib in Resources */ = {isa = PBXBuildFile; fileRef = 5EC712141B8CD42000C84AE7 /* ArticleCell.xib */; };
		AC05D4581BF133E90049CAC6 /* ArticleCellModel.swift in Sources */ = {isa = PBXBuildFile; fileRef = AC05D4571BF133E90049CAC6 /* ArticleCellModel.swift */; };
		AC05D4591BF133E90049CAC6 /* ArticleCellModel.swift in Sources */ = {isa = PBXBuildFile; fileRef = AC05D4571BF133E90049CAC6 /* ArticleCellModel.swift */; };
		AC05D45B1BF141560049CAC6 /* ImageGateway.swift in Sources */ = {isa = PBXBuildFile; fileRef = AC05D45A1BF141560049CAC6 /* ImageGateway.swift */; };
		AC05D45C1BF141560049CAC6 /* ImageGateway.swift in Sources */ = {isa = PBXBuildFile; fileRef = AC05D45A1BF141560049CAC6 /* ImageGateway.swift */; };
		AC05D45F1BF29C3D0049CAC6 /* SearchedArticleCellModel.swift in Sources */ = {isa = PBXBuildFile; fileRef = AC05D45E1BF29C3D0049CAC6 /* SearchedArticleCellModel.swift */; };
		AC05D4601BF29C3D0049CAC6 /* SearchedArticleCellModel.swift in Sources */ = {isa = PBXBuildFile; fileRef = AC05D45E1BF29C3D0049CAC6 /* SearchedArticleCellModel.swift */; };
		AC05D4631BF29D530049CAC6 /* ImageCellModel.swift in Sources */ = {isa = PBXBuildFile; fileRef = AC05D4621BF29D530049CAC6 /* ImageCellModel.swift */; };
		AC05D4641BF29D530049CAC6 /* ImageCellModel.swift in Sources */ = {isa = PBXBuildFile; fileRef = AC05D4621BF29D530049CAC6 /* ImageCellModel.swift */; };
		AC0953371BED1A4E0035127E /* FavouriteArticlesStorage.swift in Sources */ = {isa = PBXBuildFile; fileRef = AC0953361BED1A4E0035127E /* FavouriteArticlesStorage.swift */; };
		AC0953381BED1A4E0035127E /* FavouriteArticlesStorage.swift in Sources */ = {isa = PBXBuildFile; fileRef = AC0953361BED1A4E0035127E /* FavouriteArticlesStorage.swift */; };
		AC0BD0CE1BB70BCE00876B76 /* ContentProvider.swift in Sources */ = {isa = PBXBuildFile; fileRef = AC0BD0CD1BB70BCE00876B76 /* ContentProvider.swift */; };
		AC0BD0D21BB71F0400876B76 /* ContentProvider.swift in Sources */ = {isa = PBXBuildFile; fileRef = AC0BD0CD1BB70BCE00876B76 /* ContentProvider.swift */; };
		AC0BD0D51BB74B3E00876B76 /* Networking.swift in Sources */ = {isa = PBXBuildFile; fileRef = AC0BD0D41BB74B3E00876B76 /* Networking.swift */; };
		AC0BD0D61BB74E9200876B76 /* Networking.swift in Sources */ = {isa = PBXBuildFile; fileRef = AC0BD0D41BB74B3E00876B76 /* Networking.swift */; };
		AC0BD0D81BB74EF400876B76 /* NetworkingTests.swift in Sources */ = {isa = PBXBuildFile; fileRef = AC0BD0D71BB74EF400876B76 /* NetworkingTests.swift */; };
		AC3625A61BF7F124000A51DD /* PetrMazepa.xcdatamodeld in Sources */ = {isa = PBXBuildFile; fileRef = AC3625A41BF7F124000A51DD /* PetrMazepa.xcdatamodeld */; };
		AC5FA43B1B9BA28C0013E1C5 /* SearchedArticleCell.xib in Resources */ = {isa = PBXBuildFile; fileRef = AC5FA4391B9BA28C0013E1C5 /* SearchedArticleCell.xib */; };
		AC5FA43D1B9C58F10013E1C5 /* ArticlesViewModelTests.swift in Sources */ = {isa = PBXBuildFile; fileRef = AC5FA43C1B9C58F10013E1C5 /* ArticlesViewModelTests.swift */; };
		AC6B3ED71B8E3E08005BA7F1 /* SearchViewController.swift in Sources */ = {isa = PBXBuildFile; fileRef = AC6B3ED61B8E3E08005BA7F1 /* SearchViewController.swift */; };
		AC6B3ED91B8E3E42005BA7F1 /* SearchViewModel.swift in Sources */ = {isa = PBXBuildFile; fileRef = AC6B3ED81B8E3E42005BA7F1 /* SearchViewModel.swift */; };
		AC701CA41BC1B2B5009891DD /* ArticleDetailsFetcher.swift in Sources */ = {isa = PBXBuildFile; fileRef = AC701CA31BC1B2B5009891DD /* ArticleDetailsFetcher.swift */; };
		AC701CA51BC1B38E009891DD /* ArticleDetailsFetcher.swift in Sources */ = {isa = PBXBuildFile; fileRef = AC701CA31BC1B2B5009891DD /* ArticleDetailsFetcher.swift */; };
		AC701CA61BC1B39B009891DD /* ArticleDetails.swift in Sources */ = {isa = PBXBuildFile; fileRef = ACBBD5F81BC186340063FBD6 /* ArticleDetails.swift */; };
		AC8E1FD91BE93D6B0017B58B /* ViewModel.swift in Sources */ = {isa = PBXBuildFile; fileRef = AC8E1FD81BE93D6B0017B58B /* ViewModel.swift */; };
		AC8E1FDA1BE93D6B0017B58B /* ViewModel.swift in Sources */ = {isa = PBXBuildFile; fileRef = AC8E1FD81BE93D6B0017B58B /* ViewModel.swift */; };
		AC8F42341BBF24E200E3CAF7 /* ArticleDetailsViewModel.swift in Sources */ = {isa = PBXBuildFile; fileRef = AC8F42331BBF24E200E3CAF7 /* ArticleDetailsViewModel.swift */; };
		AC8F42361BC0677500E3CAF7 /* ArticleStorage.swift in Sources */ = {isa = PBXBuildFile; fileRef = AC8F42351BC0677500E3CAF7 /* ArticleStorage.swift */; };
		AC926B731B9A23280078F333 /* libxml2.tbd in Frameworks */ = {isa = PBXBuildFile; fileRef = AC926B721B9A23280078F333 /* libxml2.tbd */; };
		AC926B761B9B48260078F333 /* SearchedArticleCell.swift in Sources */ = {isa = PBXBuildFile; fileRef = AC926B751B9B48260078F333 /* SearchedArticleCell.swift */; };
		ACA032831BDF6A6E00AA01C8 /* SettingsViewController.swift in Sources */ = {isa = PBXBuildFile; fileRef = ACA032821BDF6A6E00AA01C8 /* SettingsViewController.swift */; };
		ACA41A531BB8489B00550857 /* InMemoryImageStorage.swift in Sources */ = {isa = PBXBuildFile; fileRef = ACA41A521BB8489B00550857 /* InMemoryImageStorage.swift */; };
		ACA41A551BB849AF00550857 /* PersistentImageStorage.swift in Sources */ = {isa = PBXBuildFile; fileRef = ACA41A541BB849AF00550857 /* PersistentImageStorage.swift */; };
		ACA41A571BB84AFD00550857 /* ImageStorage.swift in Sources */ = {isa = PBXBuildFile; fileRef = ACA41A561BB84AFD00550857 /* ImageStorage.swift */; };
		ACA41A581BB84E5800550857 /* ImageStorage.swift in Sources */ = {isa = PBXBuildFile; fileRef = ACA41A561BB84AFD00550857 /* ImageStorage.swift */; };
		ACA41A611BB8558500550857 /* ImageDownloader.swift in Sources */ = {isa = PBXBuildFile; fileRef = ACA41A601BB8558500550857 /* ImageDownloader.swift */; };
		ACA41A621BB8558500550857 /* ImageDownloader.swift in Sources */ = {isa = PBXBuildFile; fileRef = ACA41A601BB8558500550857 /* ImageDownloader.swift */; };
		ACA41A641BB8620300550857 /* DefaultImageCache.swift in Sources */ = {isa = PBXBuildFile; fileRef = ACA41A631BB8620300550857 /* DefaultImageCache.swift */; };
		ACA41A661BBD549F00550857 /* ArticlesFetcher.swift in Sources */ = {isa = PBXBuildFile; fileRef = ACA41A651BBD549F00550857 /* ArticlesFetcher.swift */; };
		ACA41A671BBD54F700550857 /* ArticlesFetcher.swift in Sources */ = {isa = PBXBuildFile; fileRef = ACA41A651BBD549F00550857 /* ArticlesFetcher.swift */; };
		ACA41A6A1BBD71BE00550857 /* ArticleDetailsViewController.swift in Sources */ = {isa = PBXBuildFile; fileRef = ACA41A691BBD71BE00550857 /* ArticleDetailsViewController.swift */; };
		ACA41A6D1BBD91F900550857 /* ArticleImageCell.xib in Resources */ = {isa = PBXBuildFile; fileRef = ACA41A6B1BBD91F900550857 /* ArticleImageCell.xib */; };
		ACA41A6F1BBD921000550857 /* ArticleImageCell.swift in Sources */ = {isa = PBXBuildFile; fileRef = ACA41A6E1BBD921000550857 /* ArticleImageCell.swift */; };
		ACA41A791BBEC3B800550857 /* ArticleTextCell.xib in Resources */ = {isa = PBXBuildFile; fileRef = ACA41A771BBEC3B800550857 /* ArticleTextCell.xib */; };
		ACA41A7B1BBEC3EB00550857 /* ArticleTextCell.swift in Sources */ = {isa = PBXBuildFile; fileRef = ACA41A7A1BBEC3EB00550857 /* ArticleTextCell.swift */; };
		ACA41A7D1BBEC9A800550857 /* ArticleComponent.swift in Sources */ = {isa = PBXBuildFile; fileRef = ACA41A7C1BBEC9A800550857 /* ArticleComponent.swift */; };
		ACA41A821BBECD8B00550857 /* ArticleImageComponent.swift in Sources */ = {isa = PBXBuildFile; fileRef = ACA41A811BBECD8B00550857 /* ArticleImageComponent.swift */; };
		ACA41A861BBECEB800550857 /* ArticleTextComponent.swift in Sources */ = {isa = PBXBuildFile; fileRef = ACA41A851BBECEB700550857 /* ArticleTextComponent.swift */; };
		ACAF975E1B5C04A200CB53B1 /* Main.storyboard in Resources */ = {isa = PBXBuildFile; fileRef = ACAF975C1B5C04A200CB53B1 /* Main.storyboard */; };
		ACAF97601B5C04A200CB53B1 /* Images.xcassets in Resources */ = {isa = PBXBuildFile; fileRef = ACAF975F1B5C04A200CB53B1 /* Images.xcassets */; };
		ACAF97631B5C04A200CB53B1 /* LaunchScreen.xib in Resources */ = {isa = PBXBuildFile; fileRef = ACAF97611B5C04A200CB53B1 /* LaunchScreen.xib */; };
		ACBBD5F91BC186340063FBD6 /* ArticleDetails.swift in Sources */ = {isa = PBXBuildFile; fileRef = ACBBD5F81BC186340063FBD6 /* ArticleDetails.swift */; };
		ACBBD5FE1BC19A530063FBD6 /* ArticleDetailsParser.m in Sources */ = {isa = PBXBuildFile; fileRef = ACBBD5FD1BC19A530063FBD6 /* ArticleDetailsParser.m */; };
		ACC6D6631B73EF310099131D /* random_page.html in Resources */ = {isa = PBXBuildFile; fileRef = ACC6D6621B73EF310099131D /* random_page.html */; };
		ACCDE7F11B63B02C002FDECA /* articles.html in Resources */ = {isa = PBXBuildFile; fileRef = ACCDE7F01B63B02C002FDECA /* articles.html */; };
		ACDBA7A51BC1D77600D53C66 /* ArticleSharer.swift in Sources */ = {isa = PBXBuildFile; fileRef = ACDBA7A41BC1D77600D53C66 /* ArticleSharer.swift */; };
		ACE7D0C01BF9352500116C93 /* CoreDataManager.swift in Sources */ = {isa = PBXBuildFile; fileRef = ACE7D0BF1BF9352500116C93 /* CoreDataManager.swift */; };
		ACE7D0C11BF93AA000116C93 /* CoreDataManager.swift in Sources */ = {isa = PBXBuildFile; fileRef = ACE7D0BF1BF9352500116C93 /* CoreDataManager.swift */; };
		ACE7D0C31BF93BF600116C93 /* FavouriteMaker.swift in Sources */ = {isa = PBXBuildFile; fileRef = ACE7D0C21BF93BF600116C93 /* FavouriteMaker.swift */; };
		ACE7D0C41BF93BF600116C93 /* FavouriteMaker.swift in Sources */ = {isa = PBXBuildFile; fileRef = ACE7D0C21BF93BF600116C93 /* FavouriteMaker.swift */; };
		ACE7D0C51BF93E1D00116C93 /* MOArticle+CoreDataProperties.swift in Sources */ = {isa = PBXBuildFile; fileRef = ACF1FDCD1BF8B63600BEC0B2 /* MOArticle+CoreDataProperties.swift */; };
		ACE7D0C61BF93E1D00116C93 /* MOArticle.swift in Sources */ = {isa = PBXBuildFile; fileRef = ACF1FDCE1BF8B63600BEC0B2 /* MOArticle.swift */; };
		ACE7D0C81BF9C2FA00116C93 /* NSManagedObject+EntityName.swift in Sources */ = {isa = PBXBuildFile; fileRef = ACE7D0C71BF9C2FA00116C93 /* NSManagedObject+EntityName.swift */; };
		ACE7D0C91BF9C2FA00116C93 /* NSManagedObject+EntityName.swift in Sources */ = {isa = PBXBuildFile; fileRef = ACE7D0C71BF9C2FA00116C93 /* NSManagedObject+EntityName.swift */; };
		ACE7D0CA1BF9C56C00116C93 /* MOArticleDetails.swift in Sources */ = {isa = PBXBuildFile; fileRef = ACF1FDD01BF8B63600BEC0B2 /* MOArticleDetails.swift */; };
		ACE7D0CB1BF9C57500116C93 /* MOArticleDetails+CoreDataProperties.swift in Sources */ = {isa = PBXBuildFile; fileRef = ACF1FDCF1BF8B63600BEC0B2 /* MOArticleDetails+CoreDataProperties.swift */; };
		ACEE36891BB801A900E7F63D /* ImageCache.swift in Sources */ = {isa = PBXBuildFile; fileRef = ACEE36881BB801A900E7F63D /* ImageCache.swift */; };
		ACEE368A1BB8043900E7F63D /* ImageCache.swift in Sources */ = {isa = PBXBuildFile; fileRef = ACEE36881BB801A900E7F63D /* ImageCache.swift */; };
		ACEE368C1BB8045900E7F63D /* ImageCacheTests.swift in Sources */ = {isa = PBXBuildFile; fileRef = ACEE368B1BB8045900E7F63D /* ImageCacheTests.swift */; };
		ACEF098A1BC1318A000F00B7 /* TFHpple.m in Sources */ = {isa = PBXBuildFile; fileRef = ACEF09851BC1318A000F00B7 /* TFHpple.m */; };
		ACEF098B1BC1318A000F00B7 /* TFHppleElement.m in Sources */ = {isa = PBXBuildFile; fileRef = ACEF09871BC1318A000F00B7 /* TFHppleElement.m */; };
		ACEF098C1BC1318A000F00B7 /* XPathQuery.m in Sources */ = {isa = PBXBuildFile; fileRef = ACEF09891BC1318A000F00B7 /* XPathQuery.m */; };
		ACEF098E1BC13332000F00B7 /* Article.swift in Sources */ = {isa = PBXBuildFile; fileRef = ACEF098D1BC13332000F00B7 /* Article.swift */; };
		ACEF09901BC1336A000F00B7 /* ArticlesParserTests.swift in Sources */ = {isa = PBXBuildFile; fileRef = ACEF098F1BC1336A000F00B7 /* ArticlesParserTests.swift */; };
		ACEF09911BC1338E000F00B7 /* ArticleStorage.swift in Sources */ = {isa = PBXBuildFile; fileRef = AC8F42351BC0677500E3CAF7 /* ArticleStorage.swift */; };
		ACEF09931BC14518000F00B7 /* ArticlesViewController.swift in Sources */ = {isa = PBXBuildFile; fileRef = ACEF09921BC14518000F00B7 /* ArticlesViewController.swift */; };
		ACEF09951BC14534000F00B7 /* ArticleCell.swift in Sources */ = {isa = PBXBuildFile; fileRef = ACEF09941BC14534000F00B7 /* ArticleCell.swift */; };
		ACEF09971BC14553000F00B7 /* ArticlesViewModel.swift in Sources */ = {isa = PBXBuildFile; fileRef = ACEF09961BC14553000F00B7 /* ArticlesViewModel.swift */; };
		ACEF099A1BC14584000F00B7 /* ArticlesParser.m in Sources */ = {isa = PBXBuildFile; fileRef = ACEF09981BC14584000F00B7 /* ArticlesParser.m */; };
		ACEF099B1BC145B1000F00B7 /* ArticlesParser.m in Sources */ = {isa = PBXBuildFile; fileRef = ACEF09981BC14584000F00B7 /* ArticlesParser.m */; };
		ACEF09A21BC15C38000F00B7 /* ArticleDetailsPresenter.swift in Sources */ = {isa = PBXBuildFile; fileRef = ACEF09A11BC15C38000F00B7 /* ArticleDetailsPresenter.swift */; };
		ACEF09A41BC15C7D000F00B7 /* ArticleDetailsDismisser.swift in Sources */ = {isa = PBXBuildFile; fileRef = ACEF09A31BC15C7D000F00B7 /* ArticleDetailsDismisser.swift */; };
		ACEF09A51BC183EA000F00B7 /* Article.swift in Sources */ = {isa = PBXBuildFile; fileRef = ACEF098D1BC13332000F00B7 /* Article.swift */; };
		ACF1FDD11BF8B63600BEC0B2 /* MOArticle+CoreDataProperties.swift in Sources */ = {isa = PBXBuildFile; fileRef = ACF1FDCD1BF8B63600BEC0B2 /* MOArticle+CoreDataProperties.swift */; };
		ACF1FDD21BF8B63600BEC0B2 /* MOArticle.swift in Sources */ = {isa = PBXBuildFile; fileRef = ACF1FDCE1BF8B63600BEC0B2 /* MOArticle.swift */; };
		ACF1FDD31BF8B63600BEC0B2 /* MOArticleDetails+CoreDataProperties.swift in Sources */ = {isa = PBXBuildFile; fileRef = ACF1FDCF1BF8B63600BEC0B2 /* MOArticleDetails+CoreDataProperties.swift */; };
		ACF1FDD41BF8B63600BEC0B2 /* MOArticleDetails.swift in Sources */ = {isa = PBXBuildFile; fileRef = ACF1FDD01BF8B63600BEC0B2 /* MOArticleDetails.swift */; };
/* End PBXBuildFile section */

/* Begin PBXContainerItemProxy section */
		ACAF97691B5C04A300CB53B1 /* PBXContainerItemProxy */ = {
			isa = PBXContainerItemProxy;
			containerPortal = ACAF974B1B5C04A200CB53B1 /* Project object */;
			proxyType = 1;
			remoteGlobalIDString = ACAF97521B5C04A200CB53B1;
			remoteInfo = PetrMazepa;
		};
/* End PBXContainerItemProxy section */

/* Begin PBXFileReference section */
		5EC711E61B8CD2B200C84AE7 /* AppDelegate.swift */ = {isa = PBXFileReference; fileEncoding = 4; lastKnownFileType = sourcecode.swift; name = AppDelegate.swift; path = Source/AppDelegate.swift; sourceTree = "<group>"; };
		5EC711E91B8CD2B200C84AE7 /* ArticlesViewLayout.swift */ = {isa = PBXFileReference; fileEncoding = 4; lastKnownFileType = sourcecode.swift; name = ArticlesViewLayout.swift; path = Source/ArticlesViewLayout.swift; sourceTree = "<group>"; };
		5EC711EB1B8CD2B200C84AE7 /* ScreenFlow.swift */ = {isa = PBXFileReference; fileEncoding = 4; lastKnownFileType = sourcecode.swift; name = ScreenFlow.swift; path = Source/ScreenFlow.swift; sourceTree = "<group>"; };
		5EC712151B8CD42000C84AE7 /* Base */ = {isa = PBXFileReference; lastKnownFileType = file.xib; name = Base; path = Base.lproj/ArticleCell.xib; sourceTree = "<group>"; };
		AC05D4571BF133E90049CAC6 /* ArticleCellModel.swift */ = {isa = PBXFileReference; fileEncoding = 4; lastKnownFileType = sourcecode.swift; name = ArticleCellModel.swift; path = Source/ArticleCellModel.swift; sourceTree = "<group>"; };
		AC05D45A1BF141560049CAC6 /* ImageGateway.swift */ = {isa = PBXFileReference; fileEncoding = 4; lastKnownFileType = sourcecode.swift; name = ImageGateway.swift; path = Source/ImageGateway.swift; sourceTree = "<group>"; };
		AC05D45E1BF29C3D0049CAC6 /* SearchedArticleCellModel.swift */ = {isa = PBXFileReference; fileEncoding = 4; lastKnownFileType = sourcecode.swift; name = SearchedArticleCellModel.swift; path = Source/SearchedArticleCellModel.swift; sourceTree = "<group>"; };
		AC05D4621BF29D530049CAC6 /* ImageCellModel.swift */ = {isa = PBXFileReference; fileEncoding = 4; lastKnownFileType = sourcecode.swift; name = ImageCellModel.swift; path = Source/ImageCellModel.swift; sourceTree = "<group>"; };
		AC0953361BED1A4E0035127E /* FavouriteArticlesStorage.swift */ = {isa = PBXFileReference; fileEncoding = 4; lastKnownFileType = sourcecode.swift; name = FavouriteArticlesStorage.swift; path = Source/FavouriteArticlesStorage.swift; sourceTree = "<group>"; };
		AC0BD0CD1BB70BCE00876B76 /* ContentProvider.swift */ = {isa = PBXFileReference; fileEncoding = 4; lastKnownFileType = sourcecode.swift; name = ContentProvider.swift; path = Source/ContentProvider.swift; sourceTree = "<group>"; };
		AC0BD0D41BB74B3E00876B76 /* Networking.swift */ = {isa = PBXFileReference; fileEncoding = 4; lastKnownFileType = sourcecode.swift; name = Networking.swift; path = Source/Networking.swift; sourceTree = "<group>"; };
		AC0BD0D71BB74EF400876B76 /* NetworkingTests.swift */ = {isa = PBXFileReference; fileEncoding = 4; lastKnownFileType = sourcecode.swift; path = NetworkingTests.swift; sourceTree = "<group>"; };
		AC3625A51BF7F124000A51DD /* PetrMazepa.xcdatamodel */ = {isa = PBXFileReference; lastKnownFileType = wrapper.xcdatamodel; path = PetrMazepa.xcdatamodel; sourceTree = "<group>"; };
		AC5FA43A1B9BA28C0013E1C5 /* Base */ = {isa = PBXFileReference; lastKnownFileType = file.xib; name = Base; path = Base.lproj/SearchedArticleCell.xib; sourceTree = "<group>"; };
		AC5FA43C1B9C58F10013E1C5 /* ArticlesViewModelTests.swift */ = {isa = PBXFileReference; fileEncoding = 4; lastKnownFileType = sourcecode.swift; path = ArticlesViewModelTests.swift; sourceTree = "<group>"; };
		AC6B3ED61B8E3E08005BA7F1 /* SearchViewController.swift */ = {isa = PBXFileReference; fileEncoding = 4; lastKnownFileType = sourcecode.swift; name = SearchViewController.swift; path = Source/SearchViewController.swift; sourceTree = "<group>"; };
		AC6B3ED81B8E3E42005BA7F1 /* SearchViewModel.swift */ = {isa = PBXFileReference; fileEncoding = 4; lastKnownFileType = sourcecode.swift; name = SearchViewModel.swift; path = Source/SearchViewModel.swift; sourceTree = "<group>"; };
		AC6E0F4B1B63F9D700C8299E /* PetrMazepa-Bridging-Header.h */ = {isa = PBXFileReference; lastKnownFileType = sourcecode.c.h; path = "PetrMazepa-Bridging-Header.h"; sourceTree = "<group>"; };
		AC701CA31BC1B2B5009891DD /* ArticleDetailsFetcher.swift */ = {isa = PBXFileReference; fileEncoding = 4; lastKnownFileType = sourcecode.swift; name = ArticleDetailsFetcher.swift; path = Source/ArticleDetailsFetcher.swift; sourceTree = "<group>"; };
		AC8E1FD81BE93D6B0017B58B /* ViewModel.swift */ = {isa = PBXFileReference; fileEncoding = 4; lastKnownFileType = sourcecode.swift; name = ViewModel.swift; path = Source/ViewModel.swift; sourceTree = "<group>"; };
		AC8F42331BBF24E200E3CAF7 /* ArticleDetailsViewModel.swift */ = {isa = PBXFileReference; fileEncoding = 4; lastKnownFileType = sourcecode.swift; name = ArticleDetailsViewModel.swift; path = Source/ArticleDetailsViewModel.swift; sourceTree = "<group>"; };
		AC8F42351BC0677500E3CAF7 /* ArticleStorage.swift */ = {isa = PBXFileReference; fileEncoding = 4; lastKnownFileType = sourcecode.swift; name = ArticleStorage.swift; path = Source/ArticleStorage.swift; sourceTree = "<group>"; };
		AC926B721B9A23280078F333 /* libxml2.tbd */ = {isa = PBXFileReference; lastKnownFileType = "sourcecode.text-based-dylib-definition"; name = libxml2.tbd; path = usr/lib/libxml2.tbd; sourceTree = SDKROOT; };
		AC926B751B9B48260078F333 /* SearchedArticleCell.swift */ = {isa = PBXFileReference; fileEncoding = 4; lastKnownFileType = sourcecode.swift; name = SearchedArticleCell.swift; path = Source/SearchedArticleCell.swift; sourceTree = "<group>"; };
		ACA032821BDF6A6E00AA01C8 /* SettingsViewController.swift */ = {isa = PBXFileReference; fileEncoding = 4; lastKnownFileType = sourcecode.swift; name = SettingsViewController.swift; path = Source/SettingsViewController.swift; sourceTree = "<group>"; };
		ACA41A521BB8489B00550857 /* InMemoryImageStorage.swift */ = {isa = PBXFileReference; fileEncoding = 4; lastKnownFileType = sourcecode.swift; name = InMemoryImageStorage.swift; path = Source/InMemoryImageStorage.swift; sourceTree = "<group>"; };
		ACA41A541BB849AF00550857 /* PersistentImageStorage.swift */ = {isa = PBXFileReference; fileEncoding = 4; lastKnownFileType = sourcecode.swift; name = PersistentImageStorage.swift; path = Source/PersistentImageStorage.swift; sourceTree = "<group>"; };
		ACA41A561BB84AFD00550857 /* ImageStorage.swift */ = {isa = PBXFileReference; fileEncoding = 4; lastKnownFileType = sourcecode.swift; name = ImageStorage.swift; path = Source/ImageStorage.swift; sourceTree = "<group>"; };
		ACA41A601BB8558500550857 /* ImageDownloader.swift */ = {isa = PBXFileReference; fileEncoding = 4; lastKnownFileType = sourcecode.swift; name = ImageDownloader.swift; path = Source/ImageDownloader.swift; sourceTree = "<group>"; };
		ACA41A631BB8620300550857 /* DefaultImageCache.swift */ = {isa = PBXFileReference; fileEncoding = 4; lastKnownFileType = sourcecode.swift; name = DefaultImageCache.swift; path = Source/DefaultImageCache.swift; sourceTree = "<group>"; };
		ACA41A651BBD549F00550857 /* ArticlesFetcher.swift */ = {isa = PBXFileReference; fileEncoding = 4; lastKnownFileType = sourcecode.swift; name = ArticlesFetcher.swift; path = Source/ArticlesFetcher.swift; sourceTree = "<group>"; };
		ACA41A691BBD71BE00550857 /* ArticleDetailsViewController.swift */ = {isa = PBXFileReference; fileEncoding = 4; lastKnownFileType = sourcecode.swift; name = ArticleDetailsViewController.swift; path = Source/ArticleDetailsViewController.swift; sourceTree = "<group>"; };
		ACA41A6C1BBD91F900550857 /* Base */ = {isa = PBXFileReference; lastKnownFileType = file.xib; name = Base; path = Base.lproj/ArticleImageCell.xib; sourceTree = "<group>"; };
		ACA41A6E1BBD921000550857 /* ArticleImageCell.swift */ = {isa = PBXFileReference; fileEncoding = 4; lastKnownFileType = sourcecode.swift; name = ArticleImageCell.swift; path = Source/ArticleImageCell.swift; sourceTree = "<group>"; };
		ACA41A781BBEC3B800550857 /* Base */ = {isa = PBXFileReference; lastKnownFileType = file.xib; name = Base; path = Base.lproj/ArticleTextCell.xib; sourceTree = "<group>"; };
		ACA41A7A1BBEC3EB00550857 /* ArticleTextCell.swift */ = {isa = PBXFileReference; fileEncoding = 4; lastKnownFileType = sourcecode.swift; name = ArticleTextCell.swift; path = Source/ArticleTextCell.swift; sourceTree = "<group>"; };
		ACA41A7C1BBEC9A800550857 /* ArticleComponent.swift */ = {isa = PBXFileReference; fileEncoding = 4; lastKnownFileType = sourcecode.swift; name = ArticleComponent.swift; path = Source/ArticleComponent.swift; sourceTree = "<group>"; };
		ACA41A811BBECD8B00550857 /* ArticleImageComponent.swift */ = {isa = PBXFileReference; fileEncoding = 4; lastKnownFileType = sourcecode.swift; name = ArticleImageComponent.swift; path = Source/ArticleImageComponent.swift; sourceTree = "<group>"; };
		ACA41A851BBECEB700550857 /* ArticleTextComponent.swift */ = {isa = PBXFileReference; fileEncoding = 4; lastKnownFileType = sourcecode.swift; name = ArticleTextComponent.swift; path = Source/ArticleTextComponent.swift; sourceTree = "<group>"; };
		ACAF97531B5C04A200CB53B1 /* PetrMazepa.app */ = {isa = PBXFileReference; explicitFileType = wrapper.application; includeInIndex = 0; path = PetrMazepa.app; sourceTree = BUILT_PRODUCTS_DIR; };
		ACAF97571B5C04A200CB53B1 /* Info.plist */ = {isa = PBXFileReference; lastKnownFileType = text.plist.xml; path = Info.plist; sourceTree = "<group>"; };
		ACAF975D1B5C04A200CB53B1 /* Base */ = {isa = PBXFileReference; lastKnownFileType = file.storyboard; name = Base; path = Base.lproj/Main.storyboard; sourceTree = "<group>"; };
		ACAF975F1B5C04A200CB53B1 /* Images.xcassets */ = {isa = PBXFileReference; lastKnownFileType = folder.assetcatalog; path = Images.xcassets; sourceTree = "<group>"; };
		ACAF97621B5C04A200CB53B1 /* Base */ = {isa = PBXFileReference; lastKnownFileType = file.xib; name = Base; path = Base.lproj/LaunchScreen.xib; sourceTree = "<group>"; };
		ACAF97681B5C04A300CB53B1 /* PetrMazepaTests.xctest */ = {isa = PBXFileReference; explicitFileType = wrapper.cfbundle; includeInIndex = 0; path = PetrMazepaTests.xctest; sourceTree = BUILT_PRODUCTS_DIR; };
		ACAF976D1B5C04A300CB53B1 /* Info.plist */ = {isa = PBXFileReference; lastKnownFileType = text.plist.xml; path = Info.plist; sourceTree = "<group>"; };
		ACBBD5F81BC186340063FBD6 /* ArticleDetails.swift */ = {isa = PBXFileReference; fileEncoding = 4; lastKnownFileType = sourcecode.swift; name = ArticleDetails.swift; path = Source/ArticleDetails.swift; sourceTree = "<group>"; };
		ACBBD5FC1BC19A530063FBD6 /* ArticleDetailsParser.h */ = {isa = PBXFileReference; fileEncoding = 4; lastKnownFileType = sourcecode.c.h; name = ArticleDetailsParser.h; path = Source/ArticleDetailsParser.h; sourceTree = "<group>"; };
		ACBBD5FD1BC19A530063FBD6 /* ArticleDetailsParser.m */ = {isa = PBXFileReference; fileEncoding = 4; lastKnownFileType = sourcecode.c.objc; name = ArticleDetailsParser.m; path = Source/ArticleDetailsParser.m; sourceTree = "<group>"; };
		ACC6D6621B73EF310099131D /* random_page.html */ = {isa = PBXFileReference; fileEncoding = 4; lastKnownFileType = text.html; path = random_page.html; sourceTree = "<group>"; };
		ACCDE7F01B63B02C002FDECA /* articles.html */ = {isa = PBXFileReference; fileEncoding = 4; lastKnownFileType = text.html; path = articles.html; sourceTree = "<group>"; };
		ACDBA7A41BC1D77600D53C66 /* ArticleSharer.swift */ = {isa = PBXFileReference; fileEncoding = 4; lastKnownFileType = sourcecode.swift; name = ArticleSharer.swift; path = Source/ArticleSharer.swift; sourceTree = "<group>"; };
		ACE7D0BF1BF9352500116C93 /* CoreDataManager.swift */ = {isa = PBXFileReference; fileEncoding = 4; lastKnownFileType = sourcecode.swift; name = CoreDataManager.swift; path = Source/CoreDataManager.swift; sourceTree = "<group>"; };
		ACE7D0C21BF93BF600116C93 /* FavouriteMaker.swift */ = {isa = PBXFileReference; fileEncoding = 4; lastKnownFileType = sourcecode.swift; name = FavouriteMaker.swift; path = Source/FavouriteMaker.swift; sourceTree = "<group>"; };
		ACE7D0C71BF9C2FA00116C93 /* NSManagedObject+EntityName.swift */ = {isa = PBXFileReference; fileEncoding = 4; lastKnownFileType = sourcecode.swift; name = "NSManagedObject+EntityName.swift"; path = "Source/NSManagedObject+EntityName.swift"; sourceTree = "<group>"; };
		ACEE36881BB801A900E7F63D /* ImageCache.swift */ = {isa = PBXFileReference; fileEncoding = 4; lastKnownFileType = sourcecode.swift; name = ImageCache.swift; path = Source/ImageCache.swift; sourceTree = "<group>"; };
		ACEE368B1BB8045900E7F63D /* ImageCacheTests.swift */ = {isa = PBXFileReference; fileEncoding = 4; lastKnownFileType = sourcecode.swift; path = ImageCacheTests.swift; sourceTree = "<group>"; };
		ACEF09841BC1318A000F00B7 /* TFHpple.h */ = {isa = PBXFileReference; fileEncoding = 4; lastKnownFileType = sourcecode.c.h; path = TFHpple.h; sourceTree = "<group>"; };
		ACEF09851BC1318A000F00B7 /* TFHpple.m */ = {isa = PBXFileReference; fileEncoding = 4; lastKnownFileType = sourcecode.c.objc; path = TFHpple.m; sourceTree = "<group>"; };
		ACEF09861BC1318A000F00B7 /* TFHppleElement.h */ = {isa = PBXFileReference; fileEncoding = 4; lastKnownFileType = sourcecode.c.h; path = TFHppleElement.h; sourceTree = "<group>"; };
		ACEF09871BC1318A000F00B7 /* TFHppleElement.m */ = {isa = PBXFileReference; fileEncoding = 4; lastKnownFileType = sourcecode.c.objc; path = TFHppleElement.m; sourceTree = "<group>"; };
		ACEF09881BC1318A000F00B7 /* XPathQuery.h */ = {isa = PBXFileReference; fileEncoding = 4; lastKnownFileType = sourcecode.c.h; path = XPathQuery.h; sourceTree = "<group>"; };
		ACEF09891BC1318A000F00B7 /* XPathQuery.m */ = {isa = PBXFileReference; fileEncoding = 4; lastKnownFileType = sourcecode.c.objc; path = XPathQuery.m; sourceTree = "<group>"; };
		ACEF098D1BC13332000F00B7 /* Article.swift */ = {isa = PBXFileReference; fileEncoding = 4; lastKnownFileType = sourcecode.swift; name = Article.swift; path = Source/Article.swift; sourceTree = "<group>"; };
		ACEF098F1BC1336A000F00B7 /* ArticlesParserTests.swift */ = {isa = PBXFileReference; fileEncoding = 4; lastKnownFileType = sourcecode.swift; path = ArticlesParserTests.swift; sourceTree = "<group>"; };
		ACEF09921BC14518000F00B7 /* ArticlesViewController.swift */ = {isa = PBXFileReference; fileEncoding = 4; lastKnownFileType = sourcecode.swift; name = ArticlesViewController.swift; path = Source/ArticlesViewController.swift; sourceTree = "<group>"; };
		ACEF09941BC14534000F00B7 /* ArticleCell.swift */ = {isa = PBXFileReference; fileEncoding = 4; lastKnownFileType = sourcecode.swift; name = ArticleCell.swift; path = Source/ArticleCell.swift; sourceTree = "<group>"; };
		ACEF09961BC14553000F00B7 /* ArticlesViewModel.swift */ = {isa = PBXFileReference; fileEncoding = 4; lastKnownFileType = sourcecode.swift; name = ArticlesViewModel.swift; path = Source/ArticlesViewModel.swift; sourceTree = "<group>"; };
		ACEF09981BC14584000F00B7 /* ArticlesParser.m */ = {isa = PBXFileReference; fileEncoding = 4; lastKnownFileType = sourcecode.c.objc; name = ArticlesParser.m; path = Source/ArticlesParser.m; sourceTree = "<group>"; };
		ACEF09991BC14584000F00B7 /* ArticlesParser.h */ = {isa = PBXFileReference; fileEncoding = 4; lastKnownFileType = sourcecode.c.h; name = ArticlesParser.h; path = Source/ArticlesParser.h; sourceTree = "<group>"; };
		ACEF09A11BC15C38000F00B7 /* ArticleDetailsPresenter.swift */ = {isa = PBXFileReference; fileEncoding = 4; lastKnownFileType = sourcecode.swift; name = ArticleDetailsPresenter.swift; path = Source/ArticleDetailsPresenter.swift; sourceTree = "<group>"; };
		ACEF09A31BC15C7D000F00B7 /* ArticleDetailsDismisser.swift */ = {isa = PBXFileReference; fileEncoding = 4; lastKnownFileType = sourcecode.swift; name = ArticleDetailsDismisser.swift; path = Source/ArticleDetailsDismisser.swift; sourceTree = "<group>"; };
		ACF1FDCD1BF8B63600BEC0B2 /* MOArticle+CoreDataProperties.swift */ = {isa = PBXFileReference; fileEncoding = 4; lastKnownFileType = sourcecode.swift; name = "MOArticle+CoreDataProperties.swift"; path = "Source/MOArticle+CoreDataProperties.swift"; sourceTree = "<group>"; };
		ACF1FDCE1BF8B63600BEC0B2 /* MOArticle.swift */ = {isa = PBXFileReference; fileEncoding = 4; lastKnownFileType = sourcecode.swift; name = MOArticle.swift; path = Source/MOArticle.swift; sourceTree = "<group>"; };
		ACF1FDCF1BF8B63600BEC0B2 /* MOArticleDetails+CoreDataProperties.swift */ = {isa = PBXFileReference; fileEncoding = 4; lastKnownFileType = sourcecode.swift; name = "MOArticleDetails+CoreDataProperties.swift"; path = "Source/MOArticleDetails+CoreDataProperties.swift"; sourceTree = "<group>"; };
		ACF1FDD01BF8B63600BEC0B2 /* MOArticleDetails.swift */ = {isa = PBXFileReference; fileEncoding = 4; lastKnownFileType = sourcecode.swift; name = MOArticleDetails.swift; path = Source/MOArticleDetails.swift; sourceTree = "<group>"; };
/* End PBXFileReference section */

/* Begin PBXFrameworksBuildPhase section */
		ACAF97501B5C04A200CB53B1 /* Frameworks */ = {
			isa = PBXFrameworksBuildPhase;
			buildActionMask = 2147483647;
			files = (
				AC926B731B9A23280078F333 /* libxml2.tbd in Frameworks */,
			);
			runOnlyForDeploymentPostprocessing = 0;
		};
		ACAF97651B5C04A300CB53B1 /* Frameworks */ = {
			isa = PBXFrameworksBuildPhase;
			buildActionMask = 2147483647;
			files = (
			);
			runOnlyForDeploymentPostprocessing = 0;
		};
/* End PBXFrameworksBuildPhase section */

/* Begin PBXGroup section */
		5EC712091B8CD39E00C84AE7 /* 3rdParty */ = {
			isa = PBXGroup;
			children = (
				AC926B721B9A23280078F333 /* libxml2.tbd */,
				5EC7120A1B8CD3B000C84AE7 /* hpple */,
			);
			name = 3rdParty;
			sourceTree = "<group>";
		};
		5EC7120A1B8CD3B000C84AE7 /* hpple */ = {
			isa = PBXGroup;
			children = (
				ACEF09841BC1318A000F00B7 /* TFHpple.h */,
				ACEF09851BC1318A000F00B7 /* TFHpple.m */,
				ACEF09861BC1318A000F00B7 /* TFHppleElement.h */,
				ACEF09871BC1318A000F00B7 /* TFHppleElement.m */,
				ACEF09881BC1318A000F00B7 /* XPathQuery.h */,
				ACEF09891BC1318A000F00B7 /* XPathQuery.m */,
			);
			name = hpple;
			path = 3rdParty/hpple;
			sourceTree = "<group>";
		};
		AC05D4561BF133C70049CAC6 /* Articles */ = {
			isa = PBXGroup;
			children = (
				ACEF09961BC14553000F00B7 /* ArticlesViewModel.swift */,
				AC05D4571BF133E90049CAC6 /* ArticleCellModel.swift */,
			);
			name = Articles;
			sourceTree = "<group>";
		};
		AC05D45D1BF29C1C0049CAC6 /* Search */ = {
			isa = PBXGroup;
			children = (
				AC6B3ED81B8E3E42005BA7F1 /* SearchViewModel.swift */,
				AC05D45E1BF29C3D0049CAC6 /* SearchedArticleCellModel.swift */,
			);
			name = Search;
			sourceTree = "<group>";
		};
		AC05D4611BF29C590049CAC6 /* Details */ = {
			isa = PBXGroup;
			children = (
				AC8F42331BBF24E200E3CAF7 /* ArticleDetailsViewModel.swift */,
			);
			name = Details;
			sourceTree = "<group>";
		};
		AC05D4651BF2ADC50049CAC6 /* Base */ = {
			isa = PBXGroup;
			children = (
				AC8E1FD81BE93D6B0017B58B /* ViewModel.swift */,
				AC05D4621BF29D530049CAC6 /* ImageCellModel.swift */,
			);
			name = Base;
			sourceTree = "<group>";
		};
		AC05D4661BF2ADFA0049CAC6 /* Storyboards */ = {
			isa = PBXGroup;
			children = (
				ACAF975C1B5C04A200CB53B1 /* Main.storyboard */,
				ACAF97611B5C04A200CB53B1 /* LaunchScreen.xib */,
			);
			name = Storyboards;
			sourceTree = "<group>";
		};
		AC0BD0CC1BB70BB300876B76 /* ContentProvider */ = {
			isa = PBXGroup;
			children = (
				AC8F42351BC0677500E3CAF7 /* ArticleStorage.swift */,
				AC0953361BED1A4E0035127E /* FavouriteArticlesStorage.swift */,
				ACA41A651BBD549F00550857 /* ArticlesFetcher.swift */,
				AC701CA31BC1B2B5009891DD /* ArticleDetailsFetcher.swift */,
				ACE7D0C21BF93BF600116C93 /* FavouriteMaker.swift */,
				AC0BD0CD1BB70BCE00876B76 /* ContentProvider.swift */,
			);
			name = ContentProvider;
			sourceTree = "<group>";
		};
		AC0BD0D31BB74AEF00876B76 /* Networking */ = {
			isa = PBXGroup;
			children = (
				AC0BD0D41BB74B3E00876B76 /* Networking.swift */,
			);
			name = Networking;
			sourceTree = "<group>";
		};
		AC3625A31BF7F0CF000A51DD /* CoreData */ = {
			isa = PBXGroup;
			children = (
				ACF1FDAF1BF8B46C00BEC0B2 /* ManagedObject */,
				AC3625A41BF7F124000A51DD /* PetrMazepa.xcdatamodeld */,
				ACE7D0BF1BF9352500116C93 /* CoreDataManager.swift */,
			);
			name = CoreData;
			sourceTree = "<group>";
		};
		AC3D78341B80E733006BE446 /* View */ = {
			isa = PBXGroup;
			children = (
				AC05D4661BF2ADFA0049CAC6 /* Storyboards */,
				AC3D78401B80E770006BE446 /* Articles */,
				ACA41A681BBD719600550857 /* ArticleDetails */,
				AC6B3ED51B8E3DE8005BA7F1 /* Search */,
				ACA032811BDF6A4900AA01C8 /* Settings */,
			);
			name = View;
			sourceTree = "<group>";
		};
		AC3D78351B80E73A006BE446 /* ViewModel */ = {
			isa = PBXGroup;
			children = (
				AC05D4651BF2ADC50049CAC6 /* Base */,
				AC05D4611BF29C590049CAC6 /* Details */,
				AC05D45D1BF29C1C0049CAC6 /* Search */,
				AC05D4561BF133C70049CAC6 /* Articles */,
			);
			name = ViewModel;
			sourceTree = "<group>";
		};
		AC3D78401B80E770006BE446 /* Articles */ = {
			isa = PBXGroup;
			children = (
				ACEF09941BC14534000F00B7 /* ArticleCell.swift */,
				ACEF09921BC14518000F00B7 /* ArticlesViewController.swift */,
				5EC712141B8CD42000C84AE7 /* ArticleCell.xib */,
				5EC711E91B8CD2B200C84AE7 /* ArticlesViewLayout.swift */,
			);
			name = Articles;
			sourceTree = "<group>";
		};
		AC6B3ED51B8E3DE8005BA7F1 /* Search */ = {
			isa = PBXGroup;
			children = (
				AC5FA4391B9BA28C0013E1C5 /* SearchedArticleCell.xib */,
				AC926B751B9B48260078F333 /* SearchedArticleCell.swift */,
				AC6B3ED61B8E3E08005BA7F1 /* SearchViewController.swift */,
			);
			name = Search;
			sourceTree = "<group>";
		};
		ACA032811BDF6A4900AA01C8 /* Settings */ = {
			isa = PBXGroup;
			children = (
				ACA032821BDF6A6E00AA01C8 /* SettingsViewController.swift */,
			);
			name = Settings;
			sourceTree = "<group>";
		};
		ACA41A5E1BB8555D00550857 /* Storage */ = {
			isa = PBXGroup;
			children = (
				ACA41A561BB84AFD00550857 /* ImageStorage.swift */,
				ACA41A521BB8489B00550857 /* InMemoryImageStorage.swift */,
				ACA41A541BB849AF00550857 /* PersistentImageStorage.swift */,
			);
			name = Storage;
			sourceTree = "<group>";
		};
		ACA41A5F1BB8556C00550857 /* Downloader */ = {
			isa = PBXGroup;
			children = (
				ACA41A601BB8558500550857 /* ImageDownloader.swift */,
			);
			name = Downloader;
			sourceTree = "<group>";
		};
		ACA41A681BBD719600550857 /* ArticleDetails */ = {
			isa = PBXGroup;
			children = (
				ACA41A7E1BBECA5000550857 /* Component */,
				ACA41A691BBD71BE00550857 /* ArticleDetailsViewController.swift */,
			);
			name = ArticleDetails;
			sourceTree = "<group>";
		};
		ACA41A7E1BBECA5000550857 /* Component */ = {
			isa = PBXGroup;
			children = (
				ACA41A801BBECA8300550857 /* Helper */,
				ACA41A7F1BBECA6700550857 /* Cell */,
			);
			name = Component;
			sourceTree = "<group>";
		};
		ACA41A7F1BBECA6700550857 /* Cell */ = {
			isa = PBXGroup;
			children = (
				ACA41A6E1BBD921000550857 /* ArticleImageCell.swift */,
				ACA41A6B1BBD91F900550857 /* ArticleImageCell.xib */,
				ACA41A7A1BBEC3EB00550857 /* ArticleTextCell.swift */,
				ACA41A771BBEC3B800550857 /* ArticleTextCell.xib */,
			);
			name = Cell;
			sourceTree = "<group>";
		};
		ACA41A801BBECA8300550857 /* Helper */ = {
			isa = PBXGroup;
			children = (
				ACA41A7C1BBEC9A800550857 /* ArticleComponent.swift */,
				ACA41A811BBECD8B00550857 /* ArticleImageComponent.swift */,
				ACA41A851BBECEB700550857 /* ArticleTextComponent.swift */,
			);
			name = Helper;
			sourceTree = "<group>";
		};
		ACAF974A1B5C04A200CB53B1 = {
			isa = PBXGroup;
			children = (
				ACAF97551B5C04A200CB53B1 /* PetrMazepa */,
				ACAF976B1B5C04A300CB53B1 /* PetrMazepaTests */,
				ACAF97541B5C04A200CB53B1 /* Products */,
			);
			sourceTree = "<group>";
		};
		ACAF97541B5C04A200CB53B1 /* Products */ = {
			isa = PBXGroup;
			children = (
				ACAF97531B5C04A200CB53B1 /* PetrMazepa.app */,
				ACAF97681B5C04A300CB53B1 /* PetrMazepaTests.xctest */,
			);
			name = Products;
			sourceTree = "<group>";
		};
		ACAF97551B5C04A200CB53B1 /* PetrMazepa */ = {
			isa = PBXGroup;
			children = (
				5EC711E61B8CD2B200C84AE7 /* AppDelegate.swift */,
				5EC712091B8CD39E00C84AE7 /* 3rdParty */,
				ACEF099C1BC15669000F00B7 /* ScreenFlow */,
				AC3D78351B80E73A006BE446 /* ViewModel */,
				AC3D78341B80E733006BE446 /* View */,
				ACAF97781B5C0A1B00CB53B1 /* Model */,
				ACAF975F1B5C04A200CB53B1 /* Images.xcassets */,
				ACAF97561B5C04A200CB53B1 /* Supporting Files */,
			);
			path = PetrMazepa;
			sourceTree = "<group>";
		};
		ACAF97561B5C04A200CB53B1 /* Supporting Files */ = {
			isa = PBXGroup;
			children = (
				ACAF97571B5C04A200CB53B1 /* Info.plist */,
				AC6E0F4B1B63F9D700C8299E /* PetrMazepa-Bridging-Header.h */,
			);
			name = "Supporting Files";
			sourceTree = "<group>";
		};
		ACAF976B1B5C04A300CB53B1 /* PetrMazepaTests */ = {
			isa = PBXGroup;
			children = (
				ACC6D6641B73EF510099131D /* HTML */,
				AC5FA43C1B9C58F10013E1C5 /* ArticlesViewModelTests.swift */,
				ACEF098F1BC1336A000F00B7 /* ArticlesParserTests.swift */,
				AC0BD0D71BB74EF400876B76 /* NetworkingTests.swift */,
				ACEE368B1BB8045900E7F63D /* ImageCacheTests.swift */,
				ACAF976C1B5C04A300CB53B1 /* Supporting Files */,
			);
			path = PetrMazepaTests;
			sourceTree = "<group>";
		};
		ACAF976C1B5C04A300CB53B1 /* Supporting Files */ = {
			isa = PBXGroup;
			children = (
				ACAF976D1B5C04A300CB53B1 /* Info.plist */,
			);
			name = "Supporting Files";
			sourceTree = "<group>";
		};
		ACAF97781B5C0A1B00CB53B1 /* Model */ = {
			isa = PBXGroup;
			children = (
				AC3625A31BF7F0CF000A51DD /* CoreData */,
				AC0BD0CC1BB70BB300876B76 /* ContentProvider */,
				AC0BD0D31BB74AEF00876B76 /* Networking */,
				ACEE36871BB8018400E7F63D /* ImageCache */,
				ACAF977E1B5C319A00CB53B1 /* Parser */,
				ACAF977D1B5C313300CB53B1 /* DO */,
			);
			name = Model;
			sourceTree = "<group>";
		};
		ACAF977D1B5C313300CB53B1 /* DO */ = {
			isa = PBXGroup;
			children = (
				ACEF098D1BC13332000F00B7 /* Article.swift */,
				ACBBD5F81BC186340063FBD6 /* ArticleDetails.swift */,
			);
			name = DO;
			sourceTree = "<group>";
		};
		ACAF977E1B5C319A00CB53B1 /* Parser */ = {
			isa = PBXGroup;
			children = (
				ACBBD5FB1BC199220063FBD6 /* ArticleDetails */,
				ACBBD5FA1BC199160063FBD6 /* Articles */,
			);
			name = Parser;
			sourceTree = "<group>";
		};
		ACBBD5FA1BC199160063FBD6 /* Articles */ = {
			isa = PBXGroup;
			children = (
				ACEF09991BC14584000F00B7 /* ArticlesParser.h */,
				ACEF09981BC14584000F00B7 /* ArticlesParser.m */,
			);
			name = Articles;
			sourceTree = "<group>";
		};
		ACBBD5FB1BC199220063FBD6 /* ArticleDetails */ = {
			isa = PBXGroup;
			children = (
				ACBBD5FC1BC19A530063FBD6 /* ArticleDetailsParser.h */,
				ACBBD5FD1BC19A530063FBD6 /* ArticleDetailsParser.m */,
			);
			name = ArticleDetails;
			sourceTree = "<group>";
		};
		ACC6D6641B73EF510099131D /* HTML */ = {
			isa = PBXGroup;
			children = (
				ACC6D6621B73EF310099131D /* random_page.html */,
				ACCDE7F01B63B02C002FDECA /* articles.html */,
			);
			name = HTML;
			sourceTree = "<group>";
		};
		ACEE36871BB8018400E7F63D /* ImageCache */ = {
			isa = PBXGroup;
			children = (
				ACA41A5E1BB8555D00550857 /* Storage */,
				ACA41A5F1BB8556C00550857 /* Downloader */,
				ACEE36881BB801A900E7F63D /* ImageCache.swift */,
				ACA41A631BB8620300550857 /* DefaultImageCache.swift */,
				AC05D45A1BF141560049CAC6 /* ImageGateway.swift */,
			);
			name = ImageCache;
			sourceTree = "<group>";
		};
		ACEF099C1BC15669000F00B7 /* ScreenFlow */ = {
			isa = PBXGroup;
			children = (
				5EC711EB1B8CD2B200C84AE7 /* ScreenFlow.swift */,
				ACEF09A11BC15C38000F00B7 /* ArticleDetailsPresenter.swift */,
				ACEF09A31BC15C7D000F00B7 /* ArticleDetailsDismisser.swift */,
				ACDBA7A41BC1D77600D53C66 /* ArticleSharer.swift */,
			);
			name = ScreenFlow;
			sourceTree = "<group>";
		};
		ACF1FDAF1BF8B46C00BEC0B2 /* ManagedObject */ = {
			isa = PBXGroup;
			children = (
				ACF1FDC81BF8B4FB00BEC0B2 /* Details */,
				ACF1FDC91BF8B50A00BEC0B2 /* Article */,
				ACE7D0C71BF9C2FA00116C93 /* NSManagedObject+EntityName.swift */,
			);
			name = ManagedObject;
			sourceTree = "<group>";
		};
		ACF1FDC81BF8B4FB00BEC0B2 /* Details */ = {
			isa = PBXGroup;
			children = (
				ACF1FDCF1BF8B63600BEC0B2 /* MOArticleDetails+CoreDataProperties.swift */,
				ACF1FDD01BF8B63600BEC0B2 /* MOArticleDetails.swift */,
			);
			name = Details;
			sourceTree = "<group>";
		};
		ACF1FDC91BF8B50A00BEC0B2 /* Article */ = {
			isa = PBXGroup;
			children = (
				ACF1FDCD1BF8B63600BEC0B2 /* MOArticle+CoreDataProperties.swift */,
				ACF1FDCE1BF8B63600BEC0B2 /* MOArticle.swift */,
			);
			name = Article;
			sourceTree = "<group>";
		};
/* End PBXGroup section */

/* Begin PBXNativeTarget section */
		ACAF97521B5C04A200CB53B1 /* PetrMazepa */ = {
			isa = PBXNativeTarget;
			buildConfigurationList = ACAF97721B5C04A300CB53B1 /* Build configuration list for PBXNativeTarget "PetrMazepa" */;
			buildPhases = (
				ACAF974F1B5C04A200CB53B1 /* Sources */,
				ACAF97501B5C04A200CB53B1 /* Frameworks */,
				ACAF97511B5C04A200CB53B1 /* Resources */,
			);
			buildRules = (
			);
			dependencies = (
			);
			name = PetrMazepa;
			productName = PetrMazepa;
			productReference = ACAF97531B5C04A200CB53B1 /* PetrMazepa.app */;
			productType = "com.apple.product-type.application";
		};
		ACAF97671B5C04A300CB53B1 /* PetrMazepaTests */ = {
			isa = PBXNativeTarget;
			buildConfigurationList = ACAF97751B5C04A300CB53B1 /* Build configuration list for PBXNativeTarget "PetrMazepaTests" */;
			buildPhases = (
				ACAF97641B5C04A300CB53B1 /* Sources */,
				ACAF97651B5C04A300CB53B1 /* Frameworks */,
				ACAF97661B5C04A300CB53B1 /* Resources */,
			);
			buildRules = (
			);
			dependencies = (
				ACAF976A1B5C04A300CB53B1 /* PBXTargetDependency */,
			);
			name = PetrMazepaTests;
			productName = PetrMazepaTests;
			productReference = ACAF97681B5C04A300CB53B1 /* PetrMazepaTests.xctest */;
			productType = "com.apple.product-type.bundle.unit-test";
		};
/* End PBXNativeTarget section */

/* Begin PBXProject section */
		ACAF974B1B5C04A200CB53B1 /* Project object */ = {
			isa = PBXProject;
			attributes = {
				LastSwiftUpdateCheck = 0700;
				LastUpgradeCheck = 0700;
				ORGANIZATIONNAME = TramCoders;
				TargetAttributes = {
					ACAF97521B5C04A200CB53B1 = {
						CreatedOnToolsVersion = 6.1.1;
						DevelopmentTeam = 75KKZBC9SU;
					};
					ACAF97671B5C04A300CB53B1 = {
						CreatedOnToolsVersion = 6.1.1;
						DevelopmentTeam = 75KKZBC9SU;
						TestTargetID = ACAF97521B5C04A200CB53B1;
					};
				};
			};
			buildConfigurationList = ACAF974E1B5C04A200CB53B1 /* Build configuration list for PBXProject "PetrMazepa" */;
			compatibilityVersion = "Xcode 3.2";
			developmentRegion = English;
			hasScannedForEncodings = 0;
			knownRegions = (
				en,
				Base,
			);
			mainGroup = ACAF974A1B5C04A200CB53B1;
			productRefGroup = ACAF97541B5C04A200CB53B1 /* Products */;
			projectDirPath = "";
			projectRoot = "";
			targets = (
				ACAF97521B5C04A200CB53B1 /* PetrMazepa */,
				ACAF97671B5C04A300CB53B1 /* PetrMazepaTests */,
			);
		};
/* End PBXProject section */

/* Begin PBXResourcesBuildPhase section */
		ACAF97511B5C04A200CB53B1 /* Resources */ = {
			isa = PBXResourcesBuildPhase;
			buildActionMask = 2147483647;
			files = (
				ACA41A6D1BBD91F900550857 /* ArticleImageCell.xib in Resources */,
				ACA41A791BBEC3B800550857 /* ArticleTextCell.xib in Resources */,
				AC5FA43B1B9BA28C0013E1C5 /* SearchedArticleCell.xib in Resources */,
				5EC712161B8CD42000C84AE7 /* ArticleCell.xib in Resources */,
				ACAF975E1B5C04A200CB53B1 /* Main.storyboard in Resources */,
				ACAF97631B5C04A200CB53B1 /* LaunchScreen.xib in Resources */,
				ACAF97601B5C04A200CB53B1 /* Images.xcassets in Resources */,
			);
			runOnlyForDeploymentPostprocessing = 0;
		};
		ACAF97661B5C04A300CB53B1 /* Resources */ = {
			isa = PBXResourcesBuildPhase;
			buildActionMask = 2147483647;
			files = (
				ACC6D6631B73EF310099131D /* random_page.html in Resources */,
				ACCDE7F11B63B02C002FDECA /* articles.html in Resources */,
			);
			runOnlyForDeploymentPostprocessing = 0;
		};
/* End PBXResourcesBuildPhase section */

/* Begin PBXSourcesBuildPhase section */
		ACAF974F1B5C04A200CB53B1 /* Sources */ = {
			isa = PBXSourcesBuildPhase;
			buildActionMask = 2147483647;
			files = (
				ACF1FDD11BF8B63600BEC0B2 /* MOArticle+CoreDataProperties.swift in Sources */,
				ACEF09931BC14518000F00B7 /* ArticlesViewController.swift in Sources */,
				ACEF09A21BC15C38000F00B7 /* ArticleDetailsPresenter.swift in Sources */,
				5EC711EF1B8CD2B200C84AE7 /* AppDelegate.swift in Sources */,
				5EC711F21B8CD2B200C84AE7 /* ArticlesViewLayout.swift in Sources */,
				ACEF09971BC14553000F00B7 /* ArticlesViewModel.swift in Sources */,
				ACA41A6A1BBD71BE00550857 /* ArticleDetailsViewController.swift in Sources */,
				ACA41A7D1BBEC9A800550857 /* ArticleComponent.swift in Sources */,
				AC0BD0D51BB74B3E00876B76 /* Networking.swift in Sources */,
				AC701CA41BC1B2B5009891DD /* ArticleDetailsFetcher.swift in Sources */,
				ACEF098E1BC13332000F00B7 /* Article.swift in Sources */,
				ACA41A551BB849AF00550857 /* PersistentImageStorage.swift in Sources */,
				AC0953371BED1A4E0035127E /* FavouriteArticlesStorage.swift in Sources */,
				5EC711F41B8CD2B200C84AE7 /* ScreenFlow.swift in Sources */,
				ACEF098A1BC1318A000F00B7 /* TFHpple.m in Sources */,
				ACF1FDD41BF8B63600BEC0B2 /* MOArticleDetails.swift in Sources */,
				ACE7D0C31BF93BF600116C93 /* FavouriteMaker.swift in Sources */,
				ACBBD5FE1BC19A530063FBD6 /* ArticleDetailsParser.m in Sources */,
				ACEF09A41BC15C7D000F00B7 /* ArticleDetailsDismisser.swift in Sources */,
				ACE7D0C01BF9352500116C93 /* CoreDataManager.swift in Sources */,
				ACEF098C1BC1318A000F00B7 /* XPathQuery.m in Sources */,
				AC05D4581BF133E90049CAC6 /* ArticleCellModel.swift in Sources */,
				AC05D4631BF29D530049CAC6 /* ImageCellModel.swift in Sources */,
				AC0BD0CE1BB70BCE00876B76 /* ContentProvider.swift in Sources */,
				ACF1FDD31BF8B63600BEC0B2 /* MOArticleDetails+CoreDataProperties.swift in Sources */,
				AC6B3ED91B8E3E42005BA7F1 /* SearchViewModel.swift in Sources */,
				AC926B761B9B48260078F333 /* SearchedArticleCell.swift in Sources */,
				AC8F42361BC0677500E3CAF7 /* ArticleStorage.swift in Sources */,
				AC8E1FD91BE93D6B0017B58B /* ViewModel.swift in Sources */,
				AC6B3ED71B8E3E08005BA7F1 /* SearchViewController.swift in Sources */,
				ACA032831BDF6A6E00AA01C8 /* SettingsViewController.swift in Sources */,
				AC05D45B1BF141560049CAC6 /* ImageGateway.swift in Sources */,
				ACA41A531BB8489B00550857 /* InMemoryImageStorage.swift in Sources */,
				ACA41A571BB84AFD00550857 /* ImageStorage.swift in Sources */,
				AC3625A61BF7F124000A51DD /* PetrMazepa.xcdatamodeld in Sources */,
				ACA41A611BB8558500550857 /* ImageDownloader.swift in Sources */,
				AC05D45F1BF29C3D0049CAC6 /* SearchedArticleCellModel.swift in Sources */,
				ACA41A821BBECD8B00550857 /* ArticleImageComponent.swift in Sources */,
				ACBBD5F91BC186340063FBD6 /* ArticleDetails.swift in Sources */,
				ACEE36891BB801A900E7F63D /* ImageCache.swift in Sources */,
				ACA41A641BB8620300550857 /* DefaultImageCache.swift in Sources */,
				ACA41A861BBECEB800550857 /* ArticleTextComponent.swift in Sources */,
				AC8F42341BBF24E200E3CAF7 /* ArticleDetailsViewModel.swift in Sources */,
				ACA41A6F1BBD921000550857 /* ArticleImageCell.swift in Sources */,
				ACEF099A1BC14584000F00B7 /* ArticlesParser.m in Sources */,
				ACA41A7B1BBEC3EB00550857 /* ArticleTextCell.swift in Sources */,
				ACE7D0C81BF9C2FA00116C93 /* NSManagedObject+EntityName.swift in Sources */,
				ACA41A661BBD549F00550857 /* ArticlesFetcher.swift in Sources */,
				ACDBA7A51BC1D77600D53C66 /* ArticleSharer.swift in Sources */,
				ACEF09951BC14534000F00B7 /* ArticleCell.swift in Sources */,
				ACF1FDD21BF8B63600BEC0B2 /* MOArticle.swift in Sources */,
				ACEF098B1BC1318A000F00B7 /* TFHppleElement.m in Sources */,
			);
			runOnlyForDeploymentPostprocessing = 0;
		};
		ACAF97641B5C04A300CB53B1 /* Sources */ = {
			isa = PBXSourcesBuildPhase;
			buildActionMask = 2147483647;
			files = (
				ACEF09A51BC183EA000F00B7 /* Article.swift in Sources */,
				ACEE368A1BB8043900E7F63D /* ImageCache.swift in Sources */,
				ACA41A581BB84E5800550857 /* ImageStorage.swift in Sources */,
				AC0953381BED1A4E0035127E /* FavouriteArticlesStorage.swift in Sources */,
				ACA41A671BBD54F700550857 /* ArticlesFetcher.swift in Sources */,
				AC05D4601BF29C3D0049CAC6 /* SearchedArticleCellModel.swift in Sources */,
				ACE7D0C11BF93AA000116C93 /* CoreDataManager.swift in Sources */,
				AC0BD0D81BB74EF400876B76 /* NetworkingTests.swift in Sources */,
				AC0BD0D61BB74E9200876B76 /* Networking.swift in Sources */,
				AC05D45C1BF141560049CAC6 /* ImageGateway.swift in Sources */,
				ACE7D0CA1BF9C56C00116C93 /* MOArticleDetails.swift in Sources */,
				ACA41A621BB8558500550857 /* ImageDownloader.swift in Sources */,
				ACE7D0C41BF93BF600116C93 /* FavouriteMaker.swift in Sources */,
				ACEE368C1BB8045900E7F63D /* ImageCacheTests.swift in Sources */,
				ACEF09901BC1336A000F00B7 /* ArticlesParserTests.swift in Sources */,
				ACE7D0C91BF9C2FA00116C93 /* NSManagedObject+EntityName.swift in Sources */,
				AC701CA51BC1B38E009891DD /* ArticleDetailsFetcher.swift in Sources */,
				AC8E1FDA1BE93D6B0017B58B /* ViewModel.swift in Sources */,
				ACEF099B1BC145B1000F00B7 /* ArticlesParser.m in Sources */,
				AC05D4591BF133E90049CAC6 /* ArticleCellModel.swift in Sources */,
				AC5FA43D1B9C58F10013E1C5 /* ArticlesViewModelTests.swift in Sources */,
				ACEF09911BC1338E000F00B7 /* ArticleStorage.swift in Sources */,
				1212A40C1BCAC3700022CD52 /* PersistentImageStorage.swift in Sources */,
				AC05D4641BF29D530049CAC6 /* ImageCellModel.swift in Sources */,
				1212A40B1BCAC3590022CD52 /* InMemoryImageStorage.swift in Sources */,
				AC0BD0D21BB71F0400876B76 /* ContentProvider.swift in Sources */,
				ACE7D0C51BF93E1D00116C93 /* MOArticle+CoreDataProperties.swift in Sources */,
				ACE7D0CB1BF9C57500116C93 /* MOArticleDetails+CoreDataProperties.swift in Sources */,
				AC701CA61BC1B39B009891DD /* ArticleDetails.swift in Sources */,
				ACE7D0C61BF93E1D00116C93 /* MOArticle.swift in Sources */,
			);
			runOnlyForDeploymentPostprocessing = 0;
		};
/* End PBXSourcesBuildPhase section */

/* Begin PBXTargetDependency section */
		ACAF976A1B5C04A300CB53B1 /* PBXTargetDependency */ = {
			isa = PBXTargetDependency;
			target = ACAF97521B5C04A200CB53B1 /* PetrMazepa */;
			targetProxy = ACAF97691B5C04A300CB53B1 /* PBXContainerItemProxy */;
		};
/* End PBXTargetDependency section */

/* Begin PBXVariantGroup section */
		5EC712141B8CD42000C84AE7 /* ArticleCell.xib */ = {
			isa = PBXVariantGroup;
			children = (
				5EC712151B8CD42000C84AE7 /* Base */,
			);
			name = ArticleCell.xib;
			sourceTree = "<group>";
		};
		AC5FA4391B9BA28C0013E1C5 /* SearchedArticleCell.xib */ = {
			isa = PBXVariantGroup;
			children = (
				AC5FA43A1B9BA28C0013E1C5 /* Base */,
			);
			name = SearchedArticleCell.xib;
			sourceTree = "<group>";
		};
		ACA41A6B1BBD91F900550857 /* ArticleImageCell.xib */ = {
			isa = PBXVariantGroup;
			children = (
				ACA41A6C1BBD91F900550857 /* Base */,
			);
			name = ArticleImageCell.xib;
			sourceTree = "<group>";
		};
		ACA41A771BBEC3B800550857 /* ArticleTextCell.xib */ = {
			isa = PBXVariantGroup;
			children = (
				ACA41A781BBEC3B800550857 /* Base */,
			);
			name = ArticleTextCell.xib;
			sourceTree = "<group>";
		};
		ACAF975C1B5C04A200CB53B1 /* Main.storyboard */ = {
			isa = PBXVariantGroup;
			children = (
				ACAF975D1B5C04A200CB53B1 /* Base */,
			);
			name = Main.storyboard;
			sourceTree = "<group>";
		};
		ACAF97611B5C04A200CB53B1 /* LaunchScreen.xib */ = {
			isa = PBXVariantGroup;
			children = (
				ACAF97621B5C04A200CB53B1 /* Base */,
			);
			name = LaunchScreen.xib;
			sourceTree = "<group>";
		};
/* End PBXVariantGroup section */

/* Begin XCBuildConfiguration section */
		ACAF97701B5C04A300CB53B1 /* Debug */ = {
			isa = XCBuildConfiguration;
			buildSettings = {
				ALWAYS_SEARCH_USER_PATHS = NO;
				CLANG_CXX_LANGUAGE_STANDARD = "gnu++0x";
				CLANG_CXX_LIBRARY = "libc++";
				CLANG_ENABLE_MODULES = YES;
				CLANG_ENABLE_OBJC_ARC = YES;
				CLANG_WARN_BOOL_CONVERSION = YES;
				CLANG_WARN_CONSTANT_CONVERSION = YES;
				CLANG_WARN_DIRECT_OBJC_ISA_USAGE = YES_ERROR;
				CLANG_WARN_EMPTY_BODY = YES;
				CLANG_WARN_ENUM_CONVERSION = YES;
				CLANG_WARN_INT_CONVERSION = YES;
				CLANG_WARN_OBJC_ROOT_CLASS = YES_ERROR;
				CLANG_WARN_UNREACHABLE_CODE = YES;
				CLANG_WARN__DUPLICATE_METHOD_MATCH = YES;
				CODE_SIGN_IDENTITY = "iPhone Developer: Artem Stepanenko (3AV6365E83)";
				"CODE_SIGN_IDENTITY[sdk=iphoneos*]" = "iPhone Developer: Artem Stepanenko (3AV6365E83)";
				COPY_PHASE_STRIP = NO;
				DEFINES_MODULE = YES;
				EMBEDDED_CONTENT_CONTAINS_SWIFT = YES;
				ENABLE_STRICT_OBJC_MSGSEND = YES;
				ENABLE_TESTABILITY = YES;
				GCC_C_LANGUAGE_STANDARD = gnu99;
				GCC_DYNAMIC_NO_PIC = NO;
				GCC_OPTIMIZATION_LEVEL = 0;
				GCC_PREPROCESSOR_DEFINITIONS = (
					"DEBUG=1",
					"$(inherited)",
				);
				GCC_SYMBOLS_PRIVATE_EXTERN = NO;
				GCC_WARN_64_TO_32_BIT_CONVERSION = YES;
				GCC_WARN_ABOUT_RETURN_TYPE = YES_ERROR;
				GCC_WARN_UNDECLARED_SELECTOR = YES;
				GCC_WARN_UNINITIALIZED_AUTOS = YES_AGGRESSIVE;
				GCC_WARN_UNUSED_FUNCTION = YES;
				GCC_WARN_UNUSED_VARIABLE = YES;
				HEADER_SEARCH_PATHS = (
					"$(inherited)",
					/Applications/Xcode.app/Contents/Developer/Toolchains/XcodeDefault.xctoolchain/usr/include,
					"$(SDKROOT)/usr/include/libxml2",
				);
				IPHONEOS_DEPLOYMENT_TARGET = 8.1;
				MTL_ENABLE_DEBUG_INFO = YES;
				ONLY_ACTIVE_ARCH = YES;
				PRODUCT_MODULE_NAME = PetrMazepa;
				PROVISIONING_PROFILE = "4d052ed4-14e7-472d-8d74-d0ee571f2b65";
				SDKROOT = iphoneos;
				SWIFT_OBJC_BRIDGING_HEADER = "PetrMazepa/PetrMazepa-Bridging-Header.h";
				SWIFT_OPTIMIZATION_LEVEL = "-Onone";
			};
			name = Debug;
		};
		ACAF97711B5C04A300CB53B1 /* Release */ = {
			isa = XCBuildConfiguration;
			buildSettings = {
				ALWAYS_SEARCH_USER_PATHS = NO;
				CLANG_CXX_LANGUAGE_STANDARD = "gnu++0x";
				CLANG_CXX_LIBRARY = "libc++";
				CLANG_ENABLE_MODULES = YES;
				CLANG_ENABLE_OBJC_ARC = YES;
				CLANG_WARN_BOOL_CONVERSION = YES;
				CLANG_WARN_CONSTANT_CONVERSION = YES;
				CLANG_WARN_DIRECT_OBJC_ISA_USAGE = YES_ERROR;
				CLANG_WARN_EMPTY_BODY = YES;
				CLANG_WARN_ENUM_CONVERSION = YES;
				CLANG_WARN_INT_CONVERSION = YES;
				CLANG_WARN_OBJC_ROOT_CLASS = YES_ERROR;
				CLANG_WARN_UNREACHABLE_CODE = YES;
				CLANG_WARN__DUPLICATE_METHOD_MATCH = YES;
				CODE_SIGN_IDENTITY = "iPhone Developer: Artem Stepanenko (3AV6365E83)";
				"CODE_SIGN_IDENTITY[sdk=iphoneos*]" = "iPhone Developer: Artem Stepanenko (3AV6365E83)";
				COPY_PHASE_STRIP = YES;
				DEFINES_MODULE = YES;
				EMBEDDED_CONTENT_CONTAINS_SWIFT = YES;
				ENABLE_NS_ASSERTIONS = NO;
				ENABLE_STRICT_OBJC_MSGSEND = YES;
				GCC_C_LANGUAGE_STANDARD = gnu99;
				GCC_WARN_64_TO_32_BIT_CONVERSION = YES;
				GCC_WARN_ABOUT_RETURN_TYPE = YES_ERROR;
				GCC_WARN_UNDECLARED_SELECTOR = YES;
				GCC_WARN_UNINITIALIZED_AUTOS = YES_AGGRESSIVE;
				GCC_WARN_UNUSED_FUNCTION = YES;
				GCC_WARN_UNUSED_VARIABLE = YES;
				HEADER_SEARCH_PATHS = (
					"$(inherited)",
					/Applications/Xcode.app/Contents/Developer/Toolchains/XcodeDefault.xctoolchain/usr/include,
					"$(SDKROOT)/usr/include/libxml2",
				);
				IPHONEOS_DEPLOYMENT_TARGET = 8.1;
				MTL_ENABLE_DEBUG_INFO = NO;
				PRODUCT_MODULE_NAME = PetrMazepa;
				PROVISIONING_PROFILE = "4d052ed4-14e7-472d-8d74-d0ee571f2b65";
				SDKROOT = iphoneos;
				SWIFT_OBJC_BRIDGING_HEADER = "PetrMazepa/PetrMazepa-Bridging-Header.h";
				VALIDATE_PRODUCT = YES;
			};
			name = Release;
		};
		ACAF97731B5C04A300CB53B1 /* Debug */ = {
			isa = XCBuildConfiguration;
			buildSettings = {
				ASSETCATALOG_COMPILER_APPICON_NAME = AppIcon;
				CODE_SIGN_IDENTITY = "iPhone Developer";
				"CODE_SIGN_IDENTITY[sdk=iphoneos*]" = "iPhone Developer";
				DEFINES_MODULE = YES;
				EMBEDDED_CONTENT_CONTAINS_SWIFT = YES;
				HEADER_SEARCH_PATHS = (
					"$(inherited)",
					/Applications/Xcode.app/Contents/Developer/Toolchains/XcodeDefault.xctoolchain/usr/include,
					"$(SDKROOT)/usr/include/libxml2",
				);
				INFOPLIST_FILE = PetrMazepa/Info.plist;
				IPHONEOS_DEPLOYMENT_TARGET = 8.0;
				LD_RUNPATH_SEARCH_PATHS = "$(inherited) @executable_path/Frameworks";
				PRODUCT_BUNDLE_IDENTIFIER = "com.tramcoders.$(PRODUCT_NAME:rfc1034identifier)";
				PRODUCT_MODULE_NAME = PetrMazepa;
				PRODUCT_NAME = "$(TARGET_NAME)";
				PROVISIONING_PROFILE = "";
				SWIFT_OBJC_BRIDGING_HEADER = "PetrMazepa/PetrMazepa-Bridging-Header.h";
			};
			name = Debug;
		};
		ACAF97741B5C04A300CB53B1 /* Release */ = {
			isa = XCBuildConfiguration;
			buildSettings = {
				ASSETCATALOG_COMPILER_APPICON_NAME = AppIcon;
				CODE_SIGN_IDENTITY = "iPhone Developer";
				"CODE_SIGN_IDENTITY[sdk=iphoneos*]" = "iPhone Developer";
				DEFINES_MODULE = YES;
				EMBEDDED_CONTENT_CONTAINS_SWIFT = YES;
				HEADER_SEARCH_PATHS = (
					"$(inherited)",
					/Applications/Xcode.app/Contents/Developer/Toolchains/XcodeDefault.xctoolchain/usr/include,
					"$(SDKROOT)/usr/include/libxml2",
				);
				INFOPLIST_FILE = PetrMazepa/Info.plist;
				IPHONEOS_DEPLOYMENT_TARGET = 8.0;
				LD_RUNPATH_SEARCH_PATHS = "$(inherited) @executable_path/Frameworks";
				PRODUCT_BUNDLE_IDENTIFIER = "com.tramcoders.$(PRODUCT_NAME:rfc1034identifier)";
				PRODUCT_MODULE_NAME = PetrMazepa;
				PRODUCT_NAME = "$(TARGET_NAME)";
				PROVISIONING_PROFILE = "";
				SWIFT_OBJC_BRIDGING_HEADER = "PetrMazepa/PetrMazepa-Bridging-Header.h";
			};
			name = Release;
		};
		ACAF97761B5C04A300CB53B1 /* Debug */ = {
			isa = XCBuildConfiguration;
			buildSettings = {
				BUNDLE_LOADER = "$(TEST_HOST)";
				CODE_SIGN_IDENTITY = "iPhone Developer";
				"CODE_SIGN_IDENTITY[sdk=iphoneos*]" = "iPhone Developer";
				FRAMEWORK_SEARCH_PATHS = (
					"$(SDKROOT)/Developer/Library/Frameworks",
					"$(inherited)",
				);
				GCC_PREPROCESSOR_DEFINITIONS = (
					"DEBUG=1",
					"$(inherited)",
				);
				INFOPLIST_FILE = PetrMazepaTests/Info.plist;
				LD_RUNPATH_SEARCH_PATHS = "$(inherited) @executable_path/Frameworks @loader_path/Frameworks";
				PRODUCT_BUNDLE_IDENTIFIER = "com.tramcoders.$(PRODUCT_NAME:rfc1034identifier)";
				PRODUCT_NAME = "$(TARGET_NAME)";
				PROVISIONING_PROFILE = "";
				TEST_HOST = "$(BUILT_PRODUCTS_DIR)/PetrMazepa.app/PetrMazepa";
			};
			name = Debug;
		};
		ACAF97771B5C04A300CB53B1 /* Release */ = {
			isa = XCBuildConfiguration;
			buildSettings = {
				BUNDLE_LOADER = "$(TEST_HOST)";
				CODE_SIGN_IDENTITY = "iPhone Developer";
				"CODE_SIGN_IDENTITY[sdk=iphoneos*]" = "iPhone Developer";
				FRAMEWORK_SEARCH_PATHS = (
					"$(SDKROOT)/Developer/Library/Frameworks",
					"$(inherited)",
				);
				INFOPLIST_FILE = PetrMazepaTests/Info.plist;
				LD_RUNPATH_SEARCH_PATHS = "$(inherited) @executable_path/Frameworks @loader_path/Frameworks";
				PRODUCT_BUNDLE_IDENTIFIER = "com.tramcoders.$(PRODUCT_NAME:rfc1034identifier)";
				PRODUCT_NAME = "$(TARGET_NAME)";
				PROVISIONING_PROFILE = "";
				TEST_HOST = "$(BUILT_PRODUCTS_DIR)/PetrMazepa.app/PetrMazepa";
			};
			name = Release;
		};
/* End XCBuildConfiguration section */

/* Begin XCConfigurationList section */
		ACAF974E1B5C04A200CB53B1 /* Build configuration list for PBXProject "PetrMazepa" */ = {
			isa = XCConfigurationList;
			buildConfigurations = (
				ACAF97701B5C04A300CB53B1 /* Debug */,
				ACAF97711B5C04A300CB53B1 /* Release */,
			);
			defaultConfigurationIsVisible = 0;
			defaultConfigurationName = Release;
		};
		ACAF97721B5C04A300CB53B1 /* Build configuration list for PBXNativeTarget "PetrMazepa" */ = {
			isa = XCConfigurationList;
			buildConfigurations = (
				ACAF97731B5C04A300CB53B1 /* Debug */,
				ACAF97741B5C04A300CB53B1 /* Release */,
			);
			defaultConfigurationIsVisible = 0;
			defaultConfigurationName = Release;
		};
		ACAF97751B5C04A300CB53B1 /* Build configuration list for PBXNativeTarget "PetrMazepaTests" */ = {
			isa = XCConfigurationList;
			buildConfigurations = (
				ACAF97761B5C04A300CB53B1 /* Debug */,
				ACAF97771B5C04A300CB53B1 /* Release */,
			);
			defaultConfigurationIsVisible = 0;
			defaultConfigurationName = Release;
		};
/* End XCConfigurationList section */

/* Begin XCVersionGroup section */
		AC3625A41BF7F124000A51DD /* PetrMazepa.xcdatamodeld */ = {
			isa = XCVersionGroup;
			children = (
				AC3625A51BF7F124000A51DD /* PetrMazepa.xcdatamodel */,
			);
			currentVersion = AC3625A51BF7F124000A51DD /* PetrMazepa.xcdatamodel */;
			path = PetrMazepa.xcdatamodeld;
			sourceTree = "<group>";
			versionGroupType = wrapper.xcdatamodel;
		};
/* End XCVersionGroup section */
	};
	rootObject = ACAF974B1B5C04A200CB53B1 /* Project object */;
}
